// !$*UTF8*$!
{
	archiveVersion = 1;
	classes = {
	};
	objectVersion = 46;
	objects = {

/* Begin PBXBuildFile section */
		422C6AB41F69A8C40089F480 /* AppDelegate.swift in Sources */ = {isa = PBXBuildFile; fileRef = 422C6AB31F69A8C40089F480 /* AppDelegate.swift */; };
		422C6AB61F69A8C40089F480 /* ViewController.swift in Sources */ = {isa = PBXBuildFile; fileRef = 422C6AB51F69A8C40089F480 /* ViewController.swift */; };
		422C6AB91F69A8C40089F480 /* Main.storyboard in Resources */ = {isa = PBXBuildFile; fileRef = 422C6AB71F69A8C40089F480 /* Main.storyboard */; };
		422C6ABB1F69A8C40089F480 /* Assets.xcassets in Resources */ = {isa = PBXBuildFile; fileRef = 422C6ABA1F69A8C40089F480 /* Assets.xcassets */; };
		422C6ABE1F69A8C40089F480 /* LaunchScreen.storyboard in Resources */ = {isa = PBXBuildFile; fileRef = 422C6ABC1F69A8C40089F480 /* LaunchScreen.storyboard */; };
		422C6AC91F69A8C40089F480 /* nsewTests.swift in Sources */ = {isa = PBXBuildFile; fileRef = 422C6AC81F69A8C40089F480 /* nsewTests.swift */; };
		422C6AD41F69A8C40089F480 /* nsewUITests.swift in Sources */ = {isa = PBXBuildFile; fileRef = 422C6AD31F69A8C40089F480 /* nsewUITests.swift */; };
		422C6AE21F69ADB10089F480 /* DirectionalTableViewController.swift in Sources */ = {isa = PBXBuildFile; fileRef = 422C6AE11F69ADB10089F480 /* DirectionalTableViewController.swift */; };
/* End PBXBuildFile section */

/* Begin PBXContainerItemProxy section */
		422C6AC51F69A8C40089F480 /* PBXContainerItemProxy */ = {
			isa = PBXContainerItemProxy;
			containerPortal = 422C6AA81F69A8C40089F480 /* Project object */;
			proxyType = 1;
			remoteGlobalIDString = 422C6AAF1F69A8C40089F480;
			remoteInfo = nsew;
		};
		422C6AD01F69A8C40089F480 /* PBXContainerItemProxy */ = {
			isa = PBXContainerItemProxy;
			containerPortal = 422C6AA81F69A8C40089F480 /* Project object */;
			proxyType = 1;
			remoteGlobalIDString = 422C6AAF1F69A8C40089F480;
			remoteInfo = nsew;
		};
/* End PBXContainerItemProxy section */

/* Begin PBXFileReference section */
		422C6AB01F69A8C40089F480 /* nsew.app */ = {isa = PBXFileReference; explicitFileType = wrapper.application; includeInIndex = 0; path = nsew.app; sourceTree = BUILT_PRODUCTS_DIR; };
		422C6AB31F69A8C40089F480 /* AppDelegate.swift */ = {isa = PBXFileReference; lastKnownFileType = sourcecode.swift; path = AppDelegate.swift; sourceTree = "<group>"; };
		422C6AB51F69A8C40089F480 /* ViewController.swift */ = {isa = PBXFileReference; lastKnownFileType = sourcecode.swift; path = ViewController.swift; sourceTree = "<group>"; };
		422C6AB81F69A8C40089F480 /* Base */ = {isa = PBXFileReference; lastKnownFileType = file.storyboard; name = Base; path = Base.lproj/Main.storyboard; sourceTree = "<group>"; };
		422C6ABA1F69A8C40089F480 /* Assets.xcassets */ = {isa = PBXFileReference; lastKnownFileType = folder.assetcatalog; path = Assets.xcassets; sourceTree = "<group>"; };
		422C6ABD1F69A8C40089F480 /* Base */ = {isa = PBXFileReference; lastKnownFileType = file.storyboard; name = Base; path = Base.lproj/LaunchScreen.storyboard; sourceTree = "<group>"; };
		422C6ABF1F69A8C40089F480 /* Info.plist */ = {isa = PBXFileReference; lastKnownFileType = text.plist.xml; path = Info.plist; sourceTree = "<group>"; };
		422C6AC41F69A8C40089F480 /* nsewTests.xctest */ = {isa = PBXFileReference; explicitFileType = wrapper.cfbundle; includeInIndex = 0; path = nsewTests.xctest; sourceTree = BUILT_PRODUCTS_DIR; };
		422C6AC81F69A8C40089F480 /* nsewTests.swift */ = {isa = PBXFileReference; lastKnownFileType = sourcecode.swift; path = nsewTests.swift; sourceTree = "<group>"; };
		422C6ACA1F69A8C40089F480 /* Info.plist */ = {isa = PBXFileReference; lastKnownFileType = text.plist.xml; path = Info.plist; sourceTree = "<group>"; };
		422C6ACF1F69A8C40089F480 /* nsewUITests.xctest */ = {isa = PBXFileReference; explicitFileType = wrapper.cfbundle; includeInIndex = 0; path = nsewUITests.xctest; sourceTree = BUILT_PRODUCTS_DIR; };
		422C6AD31F69A8C40089F480 /* nsewUITests.swift */ = {isa = PBXFileReference; lastKnownFileType = sourcecode.swift; path = nsewUITests.swift; sourceTree = "<group>"; };
		422C6AD51F69A8C40089F480 /* Info.plist */ = {isa = PBXFileReference; lastKnownFileType = text.plist.xml; path = Info.plist; sourceTree = "<group>"; };
		422C6AE11F69ADB10089F480 /* DirectionalTableViewController.swift */ = {isa = PBXFileReference; fileEncoding = 4; lastKnownFileType = sourcecode.swift; path = DirectionalTableViewController.swift; sourceTree = "<group>"; };
/* End PBXFileReference section */

/* Begin PBXFrameworksBuildPhase section */
		422C6AAD1F69A8C40089F480 /* Frameworks */ = {
			isa = PBXFrameworksBuildPhase;
			buildActionMask = 2147483647;
			files = (
			);
			runOnlyForDeploymentPostprocessing = 0;
		};
		422C6AC11F69A8C40089F480 /* Frameworks */ = {
			isa = PBXFrameworksBuildPhase;
			buildActionMask = 2147483647;
			files = (
			);
			runOnlyForDeploymentPostprocessing = 0;
		};
		422C6ACC1F69A8C40089F480 /* Frameworks */ = {
			isa = PBXFrameworksBuildPhase;
			buildActionMask = 2147483647;
			files = (
			);
			runOnlyForDeploymentPostprocessing = 0;
		};
/* End PBXFrameworksBuildPhase section */

/* Begin PBXGroup section */
		422C6AA71F69A8C40089F480 = {
			isa = PBXGroup;
			children = (
				422C6AB21F69A8C40089F480 /* nsew */,
				422C6AC71F69A8C40089F480 /* nsewTests */,
				422C6AD21F69A8C40089F480 /* nsewUITests */,
				422C6AB11F69A8C40089F480 /* Products */,
			);
			sourceTree = "<group>";
		};
		422C6AB11F69A8C40089F480 /* Products */ = {
			isa = PBXGroup;
			children = (
				422C6AB01F69A8C40089F480 /* nsew.app */,
				422C6AC41F69A8C40089F480 /* nsewTests.xctest */,
				422C6ACF1F69A8C40089F480 /* nsewUITests.xctest */,
			);
			name = Products;
			sourceTree = "<group>";
		};
		422C6AB21F69A8C40089F480 /* nsew */ = {
			isa = PBXGroup;
			children = (
				422C6AB31F69A8C40089F480 /* AppDelegate.swift */,
				422C6AB51F69A8C40089F480 /* ViewController.swift */,
				422C6ABA1F69A8C40089F480 /* Assets.xcassets */,
				422C6AB71F69A8C40089F480 /* Main.storyboard */,
				422C6AE11F69ADB10089F480 /* DirectionalTableViewController.swift */,
				422C6ABC1F69A8C40089F480 /* LaunchScreen.storyboard */,
				422C6ABF1F69A8C40089F480 /* Info.plist */,
			);
			path = nsew;
			sourceTree = "<group>";
		};
		422C6AC71F69A8C40089F480 /* nsewTests */ = {
			isa = PBXGroup;
			children = (
				422C6AC81F69A8C40089F480 /* nsewTests.swift */,
				422C6ACA1F69A8C40089F480 /* Info.plist */,
			);
			path = nsewTests;
			sourceTree = "<group>";
		};
		422C6AD21F69A8C40089F480 /* nsewUITests */ = {
			isa = PBXGroup;
			children = (
				422C6AD31F69A8C40089F480 /* nsewUITests.swift */,
				422C6AD51F69A8C40089F480 /* Info.plist */,
			);
			path = nsewUITests;
			sourceTree = "<group>";
		};
/* End PBXGroup section */

/* Begin PBXNativeTarget section */
		422C6AAF1F69A8C40089F480 /* nsew */ = {
			isa = PBXNativeTarget;
			buildConfigurationList = 422C6AD81F69A8C40089F480 /* Build configuration list for PBXNativeTarget "nsew" */;
			buildPhases = (
				422C6AAC1F69A8C40089F480 /* Sources */,
				422C6AAD1F69A8C40089F480 /* Frameworks */,
				422C6AAE1F69A8C40089F480 /* Resources */,
			);
			buildRules = (
			);
			dependencies = (
			);
			name = nsew;
			productName = nsew;
			productReference = 422C6AB01F69A8C40089F480 /* nsew.app */;
			productType = "com.apple.product-type.application";
		};
		422C6AC31F69A8C40089F480 /* nsewTests */ = {
			isa = PBXNativeTarget;
			buildConfigurationList = 422C6ADB1F69A8C40089F480 /* Build configuration list for PBXNativeTarget "nsewTests" */;
			buildPhases = (
				422C6AC01F69A8C40089F480 /* Sources */,
				422C6AC11F69A8C40089F480 /* Frameworks */,
				422C6AC21F69A8C40089F480 /* Resources */,
			);
			buildRules = (
			);
			dependencies = (
				422C6AC61F69A8C40089F480 /* PBXTargetDependency */,
			);
			name = nsewTests;
			productName = nsewTests;
			productReference = 422C6AC41F69A8C40089F480 /* nsewTests.xctest */;
			productType = "com.apple.product-type.bundle.unit-test";
		};
		422C6ACE1F69A8C40089F480 /* nsewUITests */ = {
			isa = PBXNativeTarget;
			buildConfigurationList = 422C6ADE1F69A8C40089F480 /* Build configuration list for PBXNativeTarget "nsewUITests" */;
			buildPhases = (
				422C6ACB1F69A8C40089F480 /* Sources */,
				422C6ACC1F69A8C40089F480 /* Frameworks */,
				422C6ACD1F69A8C40089F480 /* Resources */,
			);
			buildRules = (
			);
			dependencies = (
				422C6AD11F69A8C40089F480 /* PBXTargetDependency */,
			);
			name = nsewUITests;
			productName = nsewUITests;
			productReference = 422C6ACF1F69A8C40089F480 /* nsewUITests.xctest */;
			productType = "com.apple.product-type.bundle.ui-testing";
		};
/* End PBXNativeTarget section */

/* Begin PBXProject section */
		422C6AA81F69A8C40089F480 /* Project object */ = {
			isa = PBXProject;
			attributes = {
				LastSwiftUpdateCheck = 0830;
				LastUpgradeCheck = 0830;
				ORGANIZATIONNAME = "Life On Your Terms, Inc.";
				TargetAttributes = {
					422C6AAF1F69A8C40089F480 = {
						CreatedOnToolsVersion = 8.3.3;
						DevelopmentTeam = EGZ6H5EN2R;
						ProvisioningStyle = Automatic;
					};
					422C6AC31F69A8C40089F480 = {
						CreatedOnToolsVersion = 8.3.3;
						DevelopmentTeam = EGZ6H5EN2R;
						ProvisioningStyle = Automatic;
						TestTargetID = 422C6AAF1F69A8C40089F480;
					};
					422C6ACE1F69A8C40089F480 = {
						CreatedOnToolsVersion = 8.3.3;
						DevelopmentTeam = EGZ6H5EN2R;
						ProvisioningStyle = Automatic;
						TestTargetID = 422C6AAF1F69A8C40089F480;
					};
				};
			};
			buildConfigurationList = 422C6AAB1F69A8C40089F480 /* Build configuration list for PBXProject "nsew" */;
			compatibilityVersion = "Xcode 3.2";
			developmentRegion = English;
			hasScannedForEncodings = 0;
			knownRegions = (
				en,
				Base,
			);
			mainGroup = 422C6AA71F69A8C40089F480;
			productRefGroup = 422C6AB11F69A8C40089F480 /* Products */;
			projectDirPath = "";
			projectRoot = "";
			targets = (
				422C6AAF1F69A8C40089F480 /* nsew */,
				422C6AC31F69A8C40089F480 /* nsewTests */,
				422C6ACE1F69A8C40089F480 /* nsewUITests */,
			);
		};
/* End PBXProject section */

/* Begin PBXResourcesBuildPhase section */
		422C6AAE1F69A8C40089F480 /* Resources */ = {
			isa = PBXResourcesBuildPhase;
			buildActionMask = 2147483647;
			files = (
				422C6ABE1F69A8C40089F480 /* LaunchScreen.storyboard in Resources */,
				422C6ABB1F69A8C40089F480 /* Assets.xcassets in Resources */,
				422C6AB91F69A8C40089F480 /* Main.storyboard in Resources */,
			);
			runOnlyForDeploymentPostprocessing = 0;
		};
		422C6AC21F69A8C40089F480 /* Resources */ = {
			isa = PBXResourcesBuildPhase;
			buildActionMask = 2147483647;
			files = (
			);
			runOnlyForDeploymentPostprocessing = 0;
		};
		422C6ACD1F69A8C40089F480 /* Resources */ = {
			isa = PBXResourcesBuildPhase;
			buildActionMask = 2147483647;
			files = (
			);
			runOnlyForDeploymentPostprocessing = 0;
		};
/* End PBXResourcesBuildPhase section */

/* Begin PBXSourcesBuildPhase section */
		422C6AAC1F69A8C40089F480 /* Sources */ = {
			isa = PBXSourcesBuildPhase;
			buildActionMask = 2147483647;
			files = (
				422C6AB61F69A8C40089F480 /* ViewController.swift in Sources */,
				422C6AE21F69ADB10089F480 /* DirectionalTableViewController.swift in Sources */,
				422C6AB41F69A8C40089F480 /* AppDelegate.swift in Sources */,
			);
			runOnlyForDeploymentPostprocessing = 0;
		};
		422C6AC01F69A8C40089F480 /* Sources */ = {
			isa = PBXSourcesBuildPhase;
			buildActionMask = 2147483647;
			files = (
				422C6AC91F69A8C40089F480 /* nsewTests.swift in Sources */,
			);
			runOnlyForDeploymentPostprocessing = 0;
		};
		422C6ACB1F69A8C40089F480 /* Sources */ = {
			isa = PBXSourcesBuildPhase;
			buildActionMask = 2147483647;
			files = (
				422C6AD41F69A8C40089F480 /* nsewUITests.swift in Sources */,
			);
			runOnlyForDeploymentPostprocessing = 0;
		};
/* End PBXSourcesBuildPhase section */

/* Begin PBXTargetDependency section */
		422C6AC61F69A8C40089F480 /* PBXTargetDependency */ = {
			isa = PBXTargetDependency;
			target = 422C6AAF1F69A8C40089F480 /* nsew */;
			targetProxy = 422C6AC51F69A8C40089F480 /* PBXContainerItemProxy */;
		};
		422C6AD11F69A8C40089F480 /* PBXTargetDependency */ = {
			isa = PBXTargetDependency;
			target = 422C6AAF1F69A8C40089F480 /* nsew */;
			targetProxy = 422C6AD01F69A8C40089F480 /* PBXContainerItemProxy */;
		};
/* End PBXTargetDependency section */

/* Begin PBXVariantGroup section */
		422C6AB71F69A8C40089F480 /* Main.storyboard */ = {
			isa = PBXVariantGroup;
			children = (
				422C6AB81F69A8C40089F480 /* Base */,
			);
			name = Main.storyboard;
			sourceTree = "<group>";
		};
		422C6ABC1F69A8C40089F480 /* LaunchScreen.storyboard */ = {
			isa = PBXVariantGroup;
			children = (
				422C6ABD1F69A8C40089F480 /* Base */,
			);
			name = LaunchScreen.storyboard;
			sourceTree = "<group>";
		};
/* End PBXVariantGroup section */

/* Begin XCBuildConfiguration section */
		422C6AD61F69A8C40089F480 /* Debug */ = {
			isa = XCBuildConfiguration;
			buildSettings = {
				ALWAYS_SEARCH_USER_PATHS = NO;
				CLANG_ANALYZER_NONNULL = YES;
				CLANG_ANALYZER_NUMBER_OBJECT_CONVERSION = YES_AGGRESSIVE;
				CLANG_CXX_LANGUAGE_STANDARD = "gnu++0x";
				CLANG_CXX_LIBRARY = "libc++";
				CLANG_ENABLE_MODULES = YES;
				CLANG_ENABLE_OBJC_ARC = YES;
				CLANG_WARN_BOOL_CONVERSION = YES;
				CLANG_WARN_CONSTANT_CONVERSION = YES;
				CLANG_WARN_DIRECT_OBJC_ISA_USAGE = YES_ERROR;
				CLANG_WARN_DOCUMENTATION_COMMENTS = YES;
				CLANG_WARN_EMPTY_BODY = YES;
				CLANG_WARN_ENUM_CONVERSION = YES;
				CLANG_WARN_INFINITE_RECURSION = YES;
				CLANG_WARN_INT_CONVERSION = YES;
				CLANG_WARN_OBJC_ROOT_CLASS = YES_ERROR;
				CLANG_WARN_SUSPICIOUS_MOVE = YES;
				CLANG_WARN_UNREACHABLE_CODE = YES;
				CLANG_WARN__DUPLICATE_METHOD_MATCH = YES;
				"CODE_SIGN_IDENTITY[sdk=iphoneos*]" = "iPhone Developer";
				COPY_PHASE_STRIP = NO;
				DEBUG_INFORMATION_FORMAT = dwarf;
				ENABLE_STRICT_OBJC_MSGSEND = YES;
				ENABLE_TESTABILITY = YES;
				GCC_C_LANGUAGE_STANDARD = gnu99;
				GCC_DYNAMIC_NO_PIC = NO;
				GCC_NO_COMMON_BLOCKS = YES;
				GCC_OPTIMIZATION_LEVEL = 0;
				GCC_PREPROCESSOR_DEFINITIONS = (
					"DEBUG=1",
					"$(inherited)",
				);
				GCC_WARN_64_TO_32_BIT_CONVERSION = YES;
				GCC_WARN_ABOUT_RETURN_TYPE = YES_ERROR;
				GCC_WARN_UNDECLARED_SELECTOR = YES;
				GCC_WARN_UNINITIALIZED_AUTOS = YES_AGGRESSIVE;
				GCC_WARN_UNUSED_FUNCTION = YES;
				GCC_WARN_UNUSED_VARIABLE = YES;
				IPHONEOS_DEPLOYMENT_TARGET = 10.3;
				MTL_ENABLE_DEBUG_INFO = YES;
				ONLY_ACTIVE_ARCH = YES;
				SDKROOT = iphoneos;
				SWIFT_ACTIVE_COMPILATION_CONDITIONS = DEBUG;
				SWIFT_OPTIMIZATION_LEVEL = "-Onone";
				TARGETED_DEVICE_FAMILY = "1,2";
			};
			name = Debug;
		};
		422C6AD71F69A8C40089F480 /* Release */ = {
			isa = XCBuildConfiguration;
			buildSettings = {
				ALWAYS_SEARCH_USER_PATHS = NO;
				CLANG_ANALYZER_NONNULL = YES;
				CLANG_ANALYZER_NUMBER_OBJECT_CONVERSION = YES_AGGRESSIVE;
				CLANG_CXX_LANGUAGE_STANDARD = "gnu++0x";
				CLANG_CXX_LIBRARY = "libc++";
				CLANG_ENABLE_MODULES = YES;
				CLANG_ENABLE_OBJC_ARC = YES;
				CLANG_WARN_BOOL_CONVERSION = YES;
				CLANG_WARN_CONSTANT_CONVERSION = YES;
				CLANG_WARN_DIRECT_OBJC_ISA_USAGE = YES_ERROR;
				CLANG_WARN_DOCUMENTATION_COMMENTS = YES;
				CLANG_WARN_EMPTY_BODY = YES;
				CLANG_WARN_ENUM_CONVERSION = YES;
				CLANG_WARN_INFINITE_RECURSION = YES;
				CLANG_WARN_INT_CONVERSION = YES;
				CLANG_WARN_OBJC_ROOT_CLASS = YES_ERROR;
				CLANG_WARN_SUSPICIOUS_MOVE = YES;
				CLANG_WARN_UNREACHABLE_CODE = YES;
				CLANG_WARN__DUPLICATE_METHOD_MATCH = YES;
				"CODE_SIGN_IDENTITY[sdk=iphoneos*]" = "iPhone Developer";
				COPY_PHASE_STRIP = NO;
				DEBUG_INFORMATION_FORMAT = "dwarf-with-dsym";
				ENABLE_NS_ASSERTIONS = NO;
				ENABLE_STRICT_OBJC_MSGSEND = YES;
				GCC_C_LANGUAGE_STANDARD = gnu99;
				GCC_NO_COMMON_BLOCKS = YES;
				GCC_WARN_64_TO_32_BIT_CONVERSION = YES;
				GCC_WARN_ABOUT_RETURN_TYPE = YES_ERROR;
				GCC_WARN_UNDECLARED_SELECTOR = YES;
				GCC_WARN_UNINITIALIZED_AUTOS = YES_AGGRESSIVE;
				GCC_WARN_UNUSED_FUNCTION = YES;
				GCC_WARN_UNUSED_VARIABLE = YES;
				IPHONEOS_DEPLOYMENT_TARGET = 10.3;
				MTL_ENABLE_DEBUG_INFO = NO;
				SDKROOT = iphoneos;
				SWIFT_OPTIMIZATION_LEVEL = "-Owholemodule";
				TARGETED_DEVICE_FAMILY = "1,2";
				VALIDATE_PRODUCT = YES;
			};
			name = Release;
		};
		422C6AD91F69A8C40089F480 /* Debug */ = {
			isa = XCBuildConfiguration;
			buildSettings = {
				ASSETCATALOG_COMPILER_APPICON_NAME = AppIcon;
				DEVELOPMENT_TEAM = EGZ6H5EN2R;
				INFOPLIST_FILE = nsew/Info.plist;
				LD_RUNPATH_SEARCH_PATHS = "$(inherited) @executable_path/Frameworks";
				PRODUCT_BUNDLE_IDENTIFIER = LOYTI.nsew;
				PRODUCT_NAME = "$(TARGET_NAME)";
				SWIFT_VERSION = 3.0;
			};
			name = Debug;
		};
		422C6ADA1F69A8C40089F480 /* Release */ = {
			isa = XCBuildConfiguration;
			buildSettings = {
				ASSETCATALOG_COMPILER_APPICON_NAME = AppIcon;
				DEVELOPMENT_TEAM = EGZ6H5EN2R;
				INFOPLIST_FILE = nsew/Info.plist;
				LD_RUNPATH_SEARCH_PATHS = "$(inherited) @executable_path/Frameworks";
				PRODUCT_BUNDLE_IDENTIFIER = LOYTI.nsew;
				PRODUCT_NAME = "$(TARGET_NAME)";
				SWIFT_VERSION = 3.0;
			};
			name = Release;
		};
		422C6ADC1F69A8C40089F480 /* Debug */ = {
			isa = XCBuildConfiguration;
			buildSettings = {
				ALWAYS_EMBED_SWIFT_STANDARD_LIBRARIES = YES;
				BUNDLE_LOADER = "$(TEST_HOST)";
				DEVELOPMENT_TEAM = EGZ6H5EN2R;
				INFOPLIST_FILE = nsewTests/Info.plist;
				LD_RUNPATH_SEARCH_PATHS = "$(inherited) @executable_path/Frameworks @loader_path/Frameworks";
				PRODUCT_BUNDLE_IDENTIFIER = LOYTI.nsewTests;
				PRODUCT_NAME = "$(TARGET_NAME)";
				SWIFT_VERSION = 3.0;
				TEST_HOST = "$(BUILT_PRODUCTS_DIR)/nsew.app/nsew";
			};
			name = Debug;
		};
		422C6ADD1F69A8C40089F480 /* Release */ = {
			isa = XCBuildConfiguration;
			buildSettings = {
				ALWAYS_EMBED_SWIFT_STANDARD_LIBRARIES = YES;
				BUNDLE_LOADER = "$(TEST_HOST)";
				DEVELOPMENT_TEAM = EGZ6H5EN2R;
				INFOPLIST_FILE = nsewTests/Info.plist;
				LD_RUNPATH_SEARCH_PATHS = "$(inherited) @executable_path/Frameworks @loader_path/Frameworks";
				PRODUCT_BUNDLE_IDENTIFIER = LOYTI.nsewTests;
				PRODUCT_NAME = "$(TARGET_NAME)";
				SWIFT_VERSION = 3.0;
				TEST_HOST = "$(BUILT_PRODUCTS_DIR)/nsew.app/nsew";
			};
			name = Release;
		};
		422C6ADF1F69A8C40089F480 /* Debug */ = {
			isa = XCBuildConfiguration;
			buildSettings = {
				ALWAYS_EMBED_SWIFT_STANDARD_LIBRARIES = YES;
				DEVELOPMENT_TEAM = EGZ6H5EN2R;
				INFOPLIST_FILE = nsewUITests/Info.plist;
				LD_RUNPATH_SEARCH_PATHS = "$(inherited) @executable_path/Frameworks @loader_path/Frameworks";
				PRODUCT_BUNDLE_IDENTIFIER = LOYTI.nsewUITests;
				PRODUCT_NAME = "$(TARGET_NAME)";
				SWIFT_VERSION = 3.0;
				TEST_TARGET_NAME = nsew;
			};
			name = Debug;
		};
		422C6AE01F69A8C40089F480 /* Release */ = {
			isa = XCBuildConfiguration;
			buildSettings = {
				ALWAYS_EMBED_SWIFT_STANDARD_LIBRARIES = YES;
				DEVELOPMENT_TEAM = EGZ6H5EN2R;
				INFOPLIST_FILE = nsewUITests/Info.plist;
				LD_RUNPATH_SEARCH_PATHS = "$(inherited) @executable_path/Frameworks @loader_path/Frameworks";
				PRODUCT_BUNDLE_IDENTIFIER = LOYTI.nsewUITests;
				PRODUCT_NAME = "$(TARGET_NAME)";
				SWIFT_VERSION = 3.0;
				TEST_TARGET_NAME = nsew;
			};
			name = Release;
		};
/* End XCBuildConfiguration section */

/* Begin XCConfigurationList section */
		422C6AAB1F69A8C40089F480 /* Build configuration list for PBXProject "nsew" */ = {
			isa = XCConfigurationList;
			buildConfigurations = (
				422C6AD61F69A8C40089F480 /* Debug */,
				422C6AD71F69A8C40089F480 /* Release */,
			);
			defaultConfigurationIsVisible = 0;
			defaultConfigurationName = Release;
		};
		422C6AD81F69A8C40089F480 /* Build configuration list for PBXNativeTarget "nsew" */ = {
			isa = XCConfigurationList;
			buildConfigurations = (
				422C6AD91F69A8C40089F480 /* Debug */,
				422C6ADA1F69A8C40089F480 /* Release */,
			);
			defaultConfigurationIsVisible = 0;
		};
		422C6ADB1F69A8C40089F480 /* Build configuration list for PBXNativeTarget "nsewTests" */ = {
			isa = XCConfigurationList;
			buildConfigurations = (
				422C6ADC1F69A8C40089F480 /* Debug */,
				422C6ADD1F69A8C40089F480 /* Release */,
			);
			defaultConfigurationIsVisible = 0;
		};
		422C6ADE1F69A8C40089F480 /* Build configuration list for PBXNativeTarget "nsewUITests" */ = {
			isa = XCConfigurationList;
			buildConfigurations = (
				422C6ADF1F69A8C40089F480 /* Debug */,
				422C6AE01F69A8C40089F480 /* Release */,
			);
			defaultConfigurationIsVisible = 0;
		};
/* End XCConfigurationList section */
	};
	rootObject = 422C6AA81F69A8C40089F480 /* Project object */;
}
