// !$*UTF8*$!
{
	archiveVersion = 1;
	classes = {
	};
	objectVersion = 46;
	objects = {

/* Begin PBXBuildFile section */
		42CC24E01F671C9100A8F76B /* AppDelegate.swift in Sources */ = {isa = PBXBuildFile; fileRef = 42CC24DF1F671C9100A8F76B /* AppDelegate.swift */; };
		42CC24E21F671C9100A8F76B /* ViewController.swift in Sources */ = {isa = PBXBuildFile; fileRef = 42CC24E11F671C9100A8F76B /* ViewController.swift */; };
		42CC24E51F671C9100A8F76B /* Main.storyboard in Resources */ = {isa = PBXBuildFile; fileRef = 42CC24E31F671C9100A8F76B /* Main.storyboard */; };
		42CC24E71F671C9100A8F76B /* Assets.xcassets in Resources */ = {isa = PBXBuildFile; fileRef = 42CC24E61F671C9100A8F76B /* Assets.xcassets */; };
		42CC24EA1F671C9100A8F76B /* LaunchScreen.storyboard in Resources */ = {isa = PBXBuildFile; fileRef = 42CC24E81F671C9100A8F76B /* LaunchScreen.storyboard */; };
		42CC24F51F671C9100A8F76B /* rNamesTests.swift in Sources */ = {isa = PBXBuildFile; fileRef = 42CC24F41F671C9100A8F76B /* rNamesTests.swift */; };
		42CC25001F671C9100A8F76B /* rNamesUITests.swift in Sources */ = {isa = PBXBuildFile; fileRef = 42CC24FF1F671C9100A8F76B /* rNamesUITests.swift */; };
/* End PBXBuildFile section */

/* Begin PBXContainerItemProxy section */
		42CC24F11F671C9100A8F76B /* PBXContainerItemProxy */ = {
			isa = PBXContainerItemProxy;
			containerPortal = 42CC24D41F671C9100A8F76B /* Project object */;
			proxyType = 1;
			remoteGlobalIDString = 42CC24DB1F671C9100A8F76B;
			remoteInfo = rNames;
		};
		42CC24FC1F671C9100A8F76B /* PBXContainerItemProxy */ = {
			isa = PBXContainerItemProxy;
			containerPortal = 42CC24D41F671C9100A8F76B /* Project object */;
			proxyType = 1;
			remoteGlobalIDString = 42CC24DB1F671C9100A8F76B;
			remoteInfo = rNames;
		};
/* End PBXContainerItemProxy section */

/* Begin PBXFileReference section */
		42CC24DC1F671C9100A8F76B /* rNames.app */ = {isa = PBXFileReference; explicitFileType = wrapper.application; includeInIndex = 0; path = rNames.app; sourceTree = BUILT_PRODUCTS_DIR; };
		42CC24DF1F671C9100A8F76B /* AppDelegate.swift */ = {isa = PBXFileReference; lastKnownFileType = sourcecode.swift; path = AppDelegate.swift; sourceTree = "<group>"; };
		42CC24E11F671C9100A8F76B /* ViewController.swift */ = {isa = PBXFileReference; lastKnownFileType = sourcecode.swift; path = ViewController.swift; sourceTree = "<group>"; };
		42CC24E41F671C9100A8F76B /* Base */ = {isa = PBXFileReference; lastKnownFileType = file.storyboard; name = Base; path = Base.lproj/Main.storyboard; sourceTree = "<group>"; };
		42CC24E61F671C9100A8F76B /* Assets.xcassets */ = {isa = PBXFileReference; lastKnownFileType = folder.assetcatalog; path = Assets.xcassets; sourceTree = "<group>"; };
		42CC24E91F671C9100A8F76B /* Base */ = {isa = PBXFileReference; lastKnownFileType = file.storyboard; name = Base; path = Base.lproj/LaunchScreen.storyboard; sourceTree = "<group>"; };
		42CC24EB1F671C9100A8F76B /* Info.plist */ = {isa = PBXFileReference; lastKnownFileType = text.plist.xml; path = Info.plist; sourceTree = "<group>"; };
		42CC24F01F671C9100A8F76B /* rNamesTests.xctest */ = {isa = PBXFileReference; explicitFileType = wrapper.cfbundle; includeInIndex = 0; path = rNamesTests.xctest; sourceTree = BUILT_PRODUCTS_DIR; };
		42CC24F41F671C9100A8F76B /* rNamesTests.swift */ = {isa = PBXFileReference; lastKnownFileType = sourcecode.swift; path = rNamesTests.swift; sourceTree = "<group>"; };
		42CC24F61F671C9100A8F76B /* Info.plist */ = {isa = PBXFileReference; lastKnownFileType = text.plist.xml; path = Info.plist; sourceTree = "<group>"; };
		42CC24FB1F671C9100A8F76B /* rNamesUITests.xctest */ = {isa = PBXFileReference; explicitFileType = wrapper.cfbundle; includeInIndex = 0; path = rNamesUITests.xctest; sourceTree = BUILT_PRODUCTS_DIR; };
		42CC24FF1F671C9100A8F76B /* rNamesUITests.swift */ = {isa = PBXFileReference; lastKnownFileType = sourcecode.swift; path = rNamesUITests.swift; sourceTree = "<group>"; };
		42CC25011F671C9100A8F76B /* Info.plist */ = {isa = PBXFileReference; lastKnownFileType = text.plist.xml; path = Info.plist; sourceTree = "<group>"; };
/* End PBXFileReference section */

/* Begin PBXFrameworksBuildPhase section */
		42CC24D91F671C9100A8F76B /* Frameworks */ = {
			isa = PBXFrameworksBuildPhase;
			buildActionMask = 2147483647;
			files = (
			);
			runOnlyForDeploymentPostprocessing = 0;
		};
		42CC24ED1F671C9100A8F76B /* Frameworks */ = {
			isa = PBXFrameworksBuildPhase;
			buildActionMask = 2147483647;
			files = (
			);
			runOnlyForDeploymentPostprocessing = 0;
		};
		42CC24F81F671C9100A8F76B /* Frameworks */ = {
			isa = PBXFrameworksBuildPhase;
			buildActionMask = 2147483647;
			files = (
			);
			runOnlyForDeploymentPostprocessing = 0;
		};
/* End PBXFrameworksBuildPhase section */

/* Begin PBXGroup section */
		42CC24D31F671C9100A8F76B = {
			isa = PBXGroup;
			children = (
				42CC24DE1F671C9100A8F76B /* rNames */,
				42CC24F31F671C9100A8F76B /* rNamesTests */,
				42CC24FE1F671C9100A8F76B /* rNamesUITests */,
				42CC24DD1F671C9100A8F76B /* Products */,
			);
			sourceTree = "<group>";
		};
		42CC24DD1F671C9100A8F76B /* Products */ = {
			isa = PBXGroup;
			children = (
				42CC24DC1F671C9100A8F76B /* rNames.app */,
				42CC24F01F671C9100A8F76B /* rNamesTests.xctest */,
				42CC24FB1F671C9100A8F76B /* rNamesUITests.xctest */,
			);
			name = Products;
			sourceTree = "<group>";
		};
		42CC24DE1F671C9100A8F76B /* rNames */ = {
			isa = PBXGroup;
			children = (
				42CC24DF1F671C9100A8F76B /* AppDelegate.swift */,
				42CC24E11F671C9100A8F76B /* ViewController.swift */,
				42CC24E31F671C9100A8F76B /* Main.storyboard */,
				42CC24E61F671C9100A8F76B /* Assets.xcassets */,
				42CC24E81F671C9100A8F76B /* LaunchScreen.storyboard */,
				42CC24EB1F671C9100A8F76B /* Info.plist */,
			);
			path = rNames;
			sourceTree = "<group>";
		};
		42CC24F31F671C9100A8F76B /* rNamesTests */ = {
			isa = PBXGroup;
			children = (
				42CC24F41F671C9100A8F76B /* rNamesTests.swift */,
				42CC24F61F671C9100A8F76B /* Info.plist */,
			);
			path = rNamesTests;
			sourceTree = "<group>";
		};
		42CC24FE1F671C9100A8F76B /* rNamesUITests */ = {
			isa = PBXGroup;
			children = (
				42CC24FF1F671C9100A8F76B /* rNamesUITests.swift */,
				42CC25011F671C9100A8F76B /* Info.plist */,
			);
			path = rNamesUITests;
			sourceTree = "<group>";
		};
/* End PBXGroup section */

/* Begin PBXNativeTarget section */
		42CC24DB1F671C9100A8F76B /* rNames */ = {
			isa = PBXNativeTarget;
			buildConfigurationList = 42CC25041F671C9100A8F76B /* Build configuration list for PBXNativeTarget "rNames" */;
			buildPhases = (
				42CC24D81F671C9100A8F76B /* Sources */,
				42CC24D91F671C9100A8F76B /* Frameworks */,
				42CC24DA1F671C9100A8F76B /* Resources */,
			);
			buildRules = (
			);
			dependencies = (
			);
			name = rNames;
			productName = rNames;
			productReference = 42CC24DC1F671C9100A8F76B /* rNames.app */;
			productType = "com.apple.product-type.application";
		};
		42CC24EF1F671C9100A8F76B /* rNamesTests */ = {
			isa = PBXNativeTarget;
			buildConfigurationList = 42CC25071F671C9100A8F76B /* Build configuration list for PBXNativeTarget "rNamesTests" */;
			buildPhases = (
				42CC24EC1F671C9100A8F76B /* Sources */,
				42CC24ED1F671C9100A8F76B /* Frameworks */,
				42CC24EE1F671C9100A8F76B /* Resources */,
			);
			buildRules = (
			);
			dependencies = (
				42CC24F21F671C9100A8F76B /* PBXTargetDependency */,
			);
			name = rNamesTests;
			productName = rNamesTests;
			productReference = 42CC24F01F671C9100A8F76B /* rNamesTests.xctest */;
			productType = "com.apple.product-type.bundle.unit-test";
		};
		42CC24FA1F671C9100A8F76B /* rNamesUITests */ = {
			isa = PBXNativeTarget;
			buildConfigurationList = 42CC250A1F671C9100A8F76B /* Build configuration list for PBXNativeTarget "rNamesUITests" */;
			buildPhases = (
				42CC24F71F671C9100A8F76B /* Sources */,
				42CC24F81F671C9100A8F76B /* Frameworks */,
				42CC24F91F671C9100A8F76B /* Resources */,
			);
			buildRules = (
			);
			dependencies = (
				42CC24FD1F671C9100A8F76B /* PBXTargetDependency */,
			);
			name = rNamesUITests;
			productName = rNamesUITests;
			productReference = 42CC24FB1F671C9100A8F76B /* rNamesUITests.xctest */;
			productType = "com.apple.product-type.bundle.ui-testing";
		};
/* End PBXNativeTarget section */

/* Begin PBXProject section */
		42CC24D41F671C9100A8F76B /* Project object */ = {
			isa = PBXProject;
			attributes = {
				LastSwiftUpdateCheck = 0830;
				LastUpgradeCheck = 0830;
				ORGANIZATIONNAME = "Life On Your Terms, Inc.";
				TargetAttributes = {
					42CC24DB1F671C9100A8F76B = {
						CreatedOnToolsVersion = 8.3.3;
						DevelopmentTeam = EGZ6H5EN2R;
						ProvisioningStyle = Automatic;
					};
					42CC24EF1F671C9100A8F76B = {
						CreatedOnToolsVersion = 8.3.3;
						DevelopmentTeam = EGZ6H5EN2R;
						ProvisioningStyle = Automatic;
						TestTargetID = 42CC24DB1F671C9100A8F76B;
					};
					42CC24FA1F671C9100A8F76B = {
						CreatedOnToolsVersion = 8.3.3;
						DevelopmentTeam = EGZ6H5EN2R;
						ProvisioningStyle = Automatic;
						TestTargetID = 42CC24DB1F671C9100A8F76B;
					};
				};
			};
			buildConfigurationList = 42CC24D71F671C9100A8F76B /* Build configuration list for PBXProject "rNames" */;
			compatibilityVersion = "Xcode 3.2";
			developmentRegion = English;
			hasScannedForEncodings = 0;
			knownRegions = (
				en,
				Base,
			);
			mainGroup = 42CC24D31F671C9100A8F76B;
			productRefGroup = 42CC24DD1F671C9100A8F76B /* Products */;
			projectDirPath = "";
			projectRoot = "";
			targets = (
				42CC24DB1F671C9100A8F76B /* rNames */,
				42CC24EF1F671C9100A8F76B /* rNamesTests */,
				42CC24FA1F671C9100A8F76B /* rNamesUITests */,
			);
		};
/* End PBXProject section */

/* Begin PBXResourcesBuildPhase section */
		42CC24DA1F671C9100A8F76B /* Resources */ = {
			isa = PBXResourcesBuildPhase;
			buildActionMask = 2147483647;
			files = (
				42CC24EA1F671C9100A8F76B /* LaunchScreen.storyboard in Resources */,
				42CC24E71F671C9100A8F76B /* Assets.xcassets in Resources */,
				42CC24E51F671C9100A8F76B /* Main.storyboard in Resources */,
			);
			runOnlyForDeploymentPostprocessing = 0;
		};
		42CC24EE1F671C9100A8F76B /* Resources */ = {
			isa = PBXResourcesBuildPhase;
			buildActionMask = 2147483647;
			files = (
			);
			runOnlyForDeploymentPostprocessing = 0;
		};
		42CC24F91F671C9100A8F76B /* Resources */ = {
			isa = PBXResourcesBuildPhase;
			buildActionMask = 2147483647;
			files = (
			);
			runOnlyForDeploymentPostprocessing = 0;
		};
/* End PBXResourcesBuildPhase section */

/* Begin PBXSourcesBuildPhase section */
		42CC24D81F671C9100A8F76B /* Sources */ = {
			isa = PBXSourcesBuildPhase;
			buildActionMask = 2147483647;
			files = (
				42CC24E21F671C9100A8F76B /* ViewController.swift in Sources */,
				42CC24E01F671C9100A8F76B /* AppDelegate.swift in Sources */,
			);
			runOnlyForDeploymentPostprocessing = 0;
		};
		42CC24EC1F671C9100A8F76B /* Sources */ = {
			isa = PBXSourcesBuildPhase;
			buildActionMask = 2147483647;
			files = (
				42CC24F51F671C9100A8F76B /* rNamesTests.swift in Sources */,
			);
			runOnlyForDeploymentPostprocessing = 0;
		};
		42CC24F71F671C9100A8F76B /* Sources */ = {
			isa = PBXSourcesBuildPhase;
			buildActionMask = 2147483647;
			files = (
				42CC25001F671C9100A8F76B /* rNamesUITests.swift in Sources */,
			);
			runOnlyForDeploymentPostprocessing = 0;
		};
/* End PBXSourcesBuildPhase section */

/* Begin PBXTargetDependency section */
		42CC24F21F671C9100A8F76B /* PBXTargetDependency */ = {
			isa = PBXTargetDependency;
			target = 42CC24DB1F671C9100A8F76B /* rNames */;
			targetProxy = 42CC24F11F671C9100A8F76B /* PBXContainerItemProxy */;
		};
		42CC24FD1F671C9100A8F76B /* PBXTargetDependency */ = {
			isa = PBXTargetDependency;
			target = 42CC24DB1F671C9100A8F76B /* rNames */;
			targetProxy = 42CC24FC1F671C9100A8F76B /* PBXContainerItemProxy */;
		};
/* End PBXTargetDependency section */

/* Begin PBXVariantGroup section */
		42CC24E31F671C9100A8F76B /* Main.storyboard */ = {
			isa = PBXVariantGroup;
			children = (
				42CC24E41F671C9100A8F76B /* Base */,
			);
			name = Main.storyboard;
			sourceTree = "<group>";
		};
		42CC24E81F671C9100A8F76B /* LaunchScreen.storyboard */ = {
			isa = PBXVariantGroup;
			children = (
				42CC24E91F671C9100A8F76B /* Base */,
			);
			name = LaunchScreen.storyboard;
			sourceTree = "<group>";
		};
/* End PBXVariantGroup section */

/* Begin XCBuildConfiguration section */
		42CC25021F671C9100A8F76B /* Debug */ = {
			isa = XCBuildConfiguration;
			buildSettings = {
				ALWAYS_SEARCH_USER_PATHS = NO;
				CLANG_ANALYZER_NONNULL = YES;
				CLANG_ANALYZER_NUMBER_OBJECT_CONVERSION = YES_AGGRESSIVE;
				CLANG_CXX_LANGUAGE_STANDARD = "gnu++0x";
				CLANG_CXX_LIBRARY = "libc++";
				CLANG_ENABLE_MODULES = YES;
				CLANG_ENABLE_OBJC_ARC = YES;
				CLANG_WARN_BOOL_CONVERSION = YES;
				CLANG_WARN_CONSTANT_CONVERSION = YES;
				CLANG_WARN_DIRECT_OBJC_ISA_USAGE = YES_ERROR;
				CLANG_WARN_DOCUMENTATION_COMMENTS = YES;
				CLANG_WARN_EMPTY_BODY = YES;
				CLANG_WARN_ENUM_CONVERSION = YES;
				CLANG_WARN_INFINITE_RECURSION = YES;
				CLANG_WARN_INT_CONVERSION = YES;
				CLANG_WARN_OBJC_ROOT_CLASS = YES_ERROR;
				CLANG_WARN_SUSPICIOUS_MOVE = YES;
				CLANG_WARN_UNREACHABLE_CODE = YES;
				CLANG_WARN__DUPLICATE_METHOD_MATCH = YES;
				"CODE_SIGN_IDENTITY[sdk=iphoneos*]" = "iPhone Developer";
				COPY_PHASE_STRIP = NO;
				DEBUG_INFORMATION_FORMAT = dwarf;
				ENABLE_STRICT_OBJC_MSGSEND = YES;
				ENABLE_TESTABILITY = YES;
				GCC_C_LANGUAGE_STANDARD = gnu99;
				GCC_DYNAMIC_NO_PIC = NO;
				GCC_NO_COMMON_BLOCKS = YES;
				GCC_OPTIMIZATION_LEVEL = 0;
				GCC_PREPROCESSOR_DEFINITIONS = (
					"DEBUG=1",
					"$(inherited)",
				);
				GCC_WARN_64_TO_32_BIT_CONVERSION = YES;
				GCC_WARN_ABOUT_RETURN_TYPE = YES_ERROR;
				GCC_WARN_UNDECLARED_SELECTOR = YES;
				GCC_WARN_UNINITIALIZED_AUTOS = YES_AGGRESSIVE;
				GCC_WARN_UNUSED_FUNCTION = YES;
				GCC_WARN_UNUSED_VARIABLE = YES;
				IPHONEOS_DEPLOYMENT_TARGET = 10.3;
				MTL_ENABLE_DEBUG_INFO = YES;
				ONLY_ACTIVE_ARCH = YES;
				SDKROOT = iphoneos;
				SWIFT_ACTIVE_COMPILATION_CONDITIONS = DEBUG;
				SWIFT_OPTIMIZATION_LEVEL = "-Onone";
				TARGETED_DEVICE_FAMILY = "1,2";
			};
			name = Debug;
		};
		42CC25031F671C9100A8F76B /* Release */ = {
			isa = XCBuildConfiguration;
			buildSettings = {
				ALWAYS_SEARCH_USER_PATHS = NO;
				CLANG_ANALYZER_NONNULL = YES;
				CLANG_ANALYZER_NUMBER_OBJECT_CONVERSION = YES_AGGRESSIVE;
				CLANG_CXX_LANGUAGE_STANDARD = "gnu++0x";
				CLANG_CXX_LIBRARY = "libc++";
				CLANG_ENABLE_MODULES = YES;
				CLANG_ENABLE_OBJC_ARC = YES;
				CLANG_WARN_BOOL_CONVERSION = YES;
				CLANG_WARN_CONSTANT_CONVERSION = YES;
				CLANG_WARN_DIRECT_OBJC_ISA_USAGE = YES_ERROR;
				CLANG_WARN_DOCUMENTATION_COMMENTS = YES;
				CLANG_WARN_EMPTY_BODY = YES;
				CLANG_WARN_ENUM_CONVERSION = YES;
				CLANG_WARN_INFINITE_RECURSION = YES;
				CLANG_WARN_INT_CONVERSION = YES;
				CLANG_WARN_OBJC_ROOT_CLASS = YES_ERROR;
				CLANG_WARN_SUSPICIOUS_MOVE = YES;
				CLANG_WARN_UNREACHABLE_CODE = YES;
				CLANG_WARN__DUPLICATE_METHOD_MATCH = YES;
				"CODE_SIGN_IDENTITY[sdk=iphoneos*]" = "iPhone Developer";
				COPY_PHASE_STRIP = NO;
				DEBUG_INFORMATION_FORMAT = "dwarf-with-dsym";
				ENABLE_NS_ASSERTIONS = NO;
				ENABLE_STRICT_OBJC_MSGSEND = YES;
				GCC_C_LANGUAGE_STANDARD = gnu99;
				GCC_NO_COMMON_BLOCKS = YES;
				GCC_WARN_64_TO_32_BIT_CONVERSION = YES;
				GCC_WARN_ABOUT_RETURN_TYPE = YES_ERROR;
				GCC_WARN_UNDECLARED_SELECTOR = YES;
				GCC_WARN_UNINITIALIZED_AUTOS = YES_AGGRESSIVE;
				GCC_WARN_UNUSED_FUNCTION = YES;
				GCC_WARN_UNUSED_VARIABLE = YES;
				IPHONEOS_DEPLOYMENT_TARGET = 10.3;
				MTL_ENABLE_DEBUG_INFO = NO;
				SDKROOT = iphoneos;
				SWIFT_OPTIMIZATION_LEVEL = "-Owholemodule";
				TARGETED_DEVICE_FAMILY = "1,2";
				VALIDATE_PRODUCT = YES;
			};
			name = Release;
		};
		42CC25051F671C9100A8F76B /* Debug */ = {
			isa = XCBuildConfiguration;
			buildSettings = {
				ASSETCATALOG_COMPILER_APPICON_NAME = AppIcon;
				DEVELOPMENT_TEAM = EGZ6H5EN2R;
				INFOPLIST_FILE = rNames/Info.plist;
				LD_RUNPATH_SEARCH_PATHS = "$(inherited) @executable_path/Frameworks";
				PRODUCT_BUNDLE_IDENTIFIER = LOYTI.rNames;
				PRODUCT_NAME = "$(TARGET_NAME)";
				SWIFT_VERSION = 3.0;
			};
			name = Debug;
		};
		42CC25061F671C9100A8F76B /* Release */ = {
			isa = XCBuildConfiguration;
			buildSettings = {
				ASSETCATALOG_COMPILER_APPICON_NAME = AppIcon;
				DEVELOPMENT_TEAM = EGZ6H5EN2R;
				INFOPLIST_FILE = rNames/Info.plist;
				LD_RUNPATH_SEARCH_PATHS = "$(inherited) @executable_path/Frameworks";
				PRODUCT_BUNDLE_IDENTIFIER = LOYTI.rNames;
				PRODUCT_NAME = "$(TARGET_NAME)";
				SWIFT_VERSION = 3.0;
			};
			name = Release;
		};
		42CC25081F671C9100A8F76B /* Debug */ = {
			isa = XCBuildConfiguration;
			buildSettings = {
				ALWAYS_EMBED_SWIFT_STANDARD_LIBRARIES = YES;
				BUNDLE_LOADER = "$(TEST_HOST)";
				DEVELOPMENT_TEAM = EGZ6H5EN2R;
				INFOPLIST_FILE = rNamesTests/Info.plist;
				LD_RUNPATH_SEARCH_PATHS = "$(inherited) @executable_path/Frameworks @loader_path/Frameworks";
				PRODUCT_BUNDLE_IDENTIFIER = LOYTI.rNamesTests;
				PRODUCT_NAME = "$(TARGET_NAME)";
				SWIFT_VERSION = 3.0;
				TEST_HOST = "$(BUILT_PRODUCTS_DIR)/rNames.app/rNames";
			};
			name = Debug;
		};
		42CC25091F671C9100A8F76B /* Release */ = {
			isa = XCBuildConfiguration;
			buildSettings = {
				ALWAYS_EMBED_SWIFT_STANDARD_LIBRARIES = YES;
				BUNDLE_LOADER = "$(TEST_HOST)";
				DEVELOPMENT_TEAM = EGZ6H5EN2R;
				INFOPLIST_FILE = rNamesTests/Info.plist;
				LD_RUNPATH_SEARCH_PATHS = "$(inherited) @executable_path/Frameworks @loader_path/Frameworks";
				PRODUCT_BUNDLE_IDENTIFIER = LOYTI.rNamesTests;
				PRODUCT_NAME = "$(TARGET_NAME)";
				SWIFT_VERSION = 3.0;
				TEST_HOST = "$(BUILT_PRODUCTS_DIR)/rNames.app/rNames";
			};
			name = Release;
		};
		42CC250B1F671C9100A8F76B /* Debug */ = {
			isa = XCBuildConfiguration;
			buildSettings = {
				ALWAYS_EMBED_SWIFT_STANDARD_LIBRARIES = YES;
				DEVELOPMENT_TEAM = EGZ6H5EN2R;
				INFOPLIST_FILE = rNamesUITests/Info.plist;
				LD_RUNPATH_SEARCH_PATHS = "$(inherited) @executable_path/Frameworks @loader_path/Frameworks";
				PRODUCT_BUNDLE_IDENTIFIER = LOYTI.rNamesUITests;
				PRODUCT_NAME = "$(TARGET_NAME)";
				SWIFT_VERSION = 3.0;
				TEST_TARGET_NAME = rNames;
			};
			name = Debug;
		};
		42CC250C1F671C9100A8F76B /* Release */ = {
			isa = XCBuildConfiguration;
			buildSettings = {
				ALWAYS_EMBED_SWIFT_STANDARD_LIBRARIES = YES;
				DEVELOPMENT_TEAM = EGZ6H5EN2R;
				INFOPLIST_FILE = rNamesUITests/Info.plist;
				LD_RUNPATH_SEARCH_PATHS = "$(inherited) @executable_path/Frameworks @loader_path/Frameworks";
				PRODUCT_BUNDLE_IDENTIFIER = LOYTI.rNamesUITests;
				PRODUCT_NAME = "$(TARGET_NAME)";
				SWIFT_VERSION = 3.0;
				TEST_TARGET_NAME = rNames;
			};
			name = Release;
		};
/* End XCBuildConfiguration section */

/* Begin XCConfigurationList section */
		42CC24D71F671C9100A8F76B /* Build configuration list for PBXProject "rNames" */ = {
			isa = XCConfigurationList;
			buildConfigurations = (
				42CC25021F671C9100A8F76B /* Debug */,
				42CC25031F671C9100A8F76B /* Release */,
			);
			defaultConfigurationIsVisible = 0;
			defaultConfigurationName = Release;
		};
		42CC25041F671C9100A8F76B /* Build configuration list for PBXNativeTarget "rNames" */ = {
			isa = XCConfigurationList;
			buildConfigurations = (
				42CC25051F671C9100A8F76B /* Debug */,
				42CC25061F671C9100A8F76B /* Release */,
			);
			defaultConfigurationIsVisible = 0;
		};
		42CC25071F671C9100A8F76B /* Build configuration list for PBXNativeTarget "rNamesTests" */ = {
			isa = XCConfigurationList;
			buildConfigurations = (
				42CC25081F671C9100A8F76B /* Debug */,
				42CC25091F671C9100A8F76B /* Release */,
			);
			defaultConfigurationIsVisible = 0;
		};
		42CC250A1F671C9100A8F76B /* Build configuration list for PBXNativeTarget "rNamesUITests" */ = {
			isa = XCConfigurationList;
			buildConfigurations = (
				42CC250B1F671C9100A8F76B /* Debug */,
				42CC250C1F671C9100A8F76B /* Release */,
			);
			defaultConfigurationIsVisible = 0;
		};
/* End XCConfigurationList section */
	};
	rootObject = 42CC24D41F671C9100A8F76B /* Project object */;
}
