// !$*UTF8*$!
{
	archiveVersion = 1;
	classes = {
	};
	objectVersion = 46;
	objects = {

/* Begin PBXBuildFile section */
		422C6A741F699FA10089F480 /* AppDelegate.swift in Sources */ = {isa = PBXBuildFile; fileRef = 422C6A731F699FA10089F480 /* AppDelegate.swift */; };
		422C6A761F699FA10089F480 /* ViewController.swift in Sources */ = {isa = PBXBuildFile; fileRef = 422C6A751F699FA10089F480 /* ViewController.swift */; };
		422C6A791F699FA10089F480 /* Main.storyboard in Resources */ = {isa = PBXBuildFile; fileRef = 422C6A771F699FA10089F480 /* Main.storyboard */; };
		422C6A7B1F699FA10089F480 /* Assets.xcassets in Resources */ = {isa = PBXBuildFile; fileRef = 422C6A7A1F699FA10089F480 /* Assets.xcassets */; };
		422C6A7E1F699FA10089F480 /* LaunchScreen.storyboard in Resources */ = {isa = PBXBuildFile; fileRef = 422C6A7C1F699FA10089F480 /* LaunchScreen.storyboard */; };
		422C6A891F699FA10089F480 /* customCellsTests.swift in Sources */ = {isa = PBXBuildFile; fileRef = 422C6A881F699FA10089F480 /* customCellsTests.swift */; };
		422C6A941F699FA10089F480 /* customCellsUITests.swift in Sources */ = {isa = PBXBuildFile; fileRef = 422C6A931F699FA10089F480 /* customCellsUITests.swift */; };
		422C6AA41F69A0E20089F480 /* TableViewController.swift in Sources */ = {isa = PBXBuildFile; fileRef = 422C6AA31F69A0E20089F480 /* TableViewController.swift */; };
		422C6AA61F69A1A40089F480 /* CustomCell.swift in Sources */ = {isa = PBXBuildFile; fileRef = 422C6AA51F69A1A40089F480 /* CustomCell.swift */; };
/* End PBXBuildFile section */

/* Begin PBXContainerItemProxy section */
		422C6A851F699FA10089F480 /* PBXContainerItemProxy */ = {
			isa = PBXContainerItemProxy;
			containerPortal = 422C6A681F699FA10089F480 /* Project object */;
			proxyType = 1;
			remoteGlobalIDString = 422C6A6F1F699FA10089F480;
			remoteInfo = customCells;
		};
		422C6A901F699FA10089F480 /* PBXContainerItemProxy */ = {
			isa = PBXContainerItemProxy;
			containerPortal = 422C6A681F699FA10089F480 /* Project object */;
			proxyType = 1;
			remoteGlobalIDString = 422C6A6F1F699FA10089F480;
			remoteInfo = customCells;
		};
/* End PBXContainerItemProxy section */

/* Begin PBXFileReference section */
		422C6A701F699FA10089F480 /* customCells.app */ = {isa = PBXFileReference; explicitFileType = wrapper.application; includeInIndex = 0; path = customCells.app; sourceTree = BUILT_PRODUCTS_DIR; };
		422C6A731F699FA10089F480 /* AppDelegate.swift */ = {isa = PBXFileReference; lastKnownFileType = sourcecode.swift; path = AppDelegate.swift; sourceTree = "<group>"; };
		422C6A751F699FA10089F480 /* ViewController.swift */ = {isa = PBXFileReference; lastKnownFileType = sourcecode.swift; path = ViewController.swift; sourceTree = "<group>"; };
		422C6A781F699FA10089F480 /* Base */ = {isa = PBXFileReference; lastKnownFileType = file.storyboard; name = Base; path = Base.lproj/Main.storyboard; sourceTree = "<group>"; };
		422C6A7A1F699FA10089F480 /* Assets.xcassets */ = {isa = PBXFileReference; lastKnownFileType = folder.assetcatalog; path = Assets.xcassets; sourceTree = "<group>"; };
		422C6A7D1F699FA10089F480 /* Base */ = {isa = PBXFileReference; lastKnownFileType = file.storyboard; name = Base; path = Base.lproj/LaunchScreen.storyboard; sourceTree = "<group>"; };
		422C6A7F1F699FA10089F480 /* Info.plist */ = {isa = PBXFileReference; lastKnownFileType = text.plist.xml; path = Info.plist; sourceTree = "<group>"; };
		422C6A841F699FA10089F480 /* customCellsTests.xctest */ = {isa = PBXFileReference; explicitFileType = wrapper.cfbundle; includeInIndex = 0; path = customCellsTests.xctest; sourceTree = BUILT_PRODUCTS_DIR; };
		422C6A881F699FA10089F480 /* customCellsTests.swift */ = {isa = PBXFileReference; lastKnownFileType = sourcecode.swift; path = customCellsTests.swift; sourceTree = "<group>"; };
		422C6A8A1F699FA10089F480 /* Info.plist */ = {isa = PBXFileReference; lastKnownFileType = text.plist.xml; path = Info.plist; sourceTree = "<group>"; };
		422C6A8F1F699FA10089F480 /* customCellsUITests.xctest */ = {isa = PBXFileReference; explicitFileType = wrapper.cfbundle; includeInIndex = 0; path = customCellsUITests.xctest; sourceTree = BUILT_PRODUCTS_DIR; };
		422C6A931F699FA10089F480 /* customCellsUITests.swift */ = {isa = PBXFileReference; lastKnownFileType = sourcecode.swift; path = customCellsUITests.swift; sourceTree = "<group>"; };
		422C6A951F699FA10089F480 /* Info.plist */ = {isa = PBXFileReference; lastKnownFileType = text.plist.xml; path = Info.plist; sourceTree = "<group>"; };
		422C6AA31F69A0E20089F480 /* TableViewController.swift */ = {isa = PBXFileReference; fileEncoding = 4; lastKnownFileType = sourcecode.swift; path = TableViewController.swift; sourceTree = "<group>"; };
		422C6AA51F69A1A40089F480 /* CustomCell.swift */ = {isa = PBXFileReference; fileEncoding = 4; lastKnownFileType = sourcecode.swift; path = CustomCell.swift; sourceTree = "<group>"; };
/* End PBXFileReference section */

/* Begin PBXFrameworksBuildPhase section */
		422C6A6D1F699FA10089F480 /* Frameworks */ = {
			isa = PBXFrameworksBuildPhase;
			buildActionMask = 2147483647;
			files = (
			);
			runOnlyForDeploymentPostprocessing = 0;
		};
		422C6A811F699FA10089F480 /* Frameworks */ = {
			isa = PBXFrameworksBuildPhase;
			buildActionMask = 2147483647;
			files = (
			);
			runOnlyForDeploymentPostprocessing = 0;
		};
		422C6A8C1F699FA10089F480 /* Frameworks */ = {
			isa = PBXFrameworksBuildPhase;
			buildActionMask = 2147483647;
			files = (
			);
			runOnlyForDeploymentPostprocessing = 0;
		};
/* End PBXFrameworksBuildPhase section */

/* Begin PBXGroup section */
		422C6A671F699FA10089F480 = {
			isa = PBXGroup;
			children = (
				422C6A721F699FA10089F480 /* customCells */,
				422C6A871F699FA10089F480 /* customCellsTests */,
				422C6A921F699FA10089F480 /* customCellsUITests */,
				422C6A711F699FA10089F480 /* Products */,
			);
			sourceTree = "<group>";
		};
		422C6A711F699FA10089F480 /* Products */ = {
			isa = PBXGroup;
			children = (
				422C6A701F699FA10089F480 /* customCells.app */,
				422C6A841F699FA10089F480 /* customCellsTests.xctest */,
				422C6A8F1F699FA10089F480 /* customCellsUITests.xctest */,
			);
			name = Products;
			sourceTree = "<group>";
		};
		422C6A721F699FA10089F480 /* customCells */ = {
			isa = PBXGroup;
			children = (
				422C6A731F699FA10089F480 /* AppDelegate.swift */,
				422C6A751F699FA10089F480 /* ViewController.swift */,
				422C6A771F699FA10089F480 /* Main.storyboard */,
				422C6AA31F69A0E20089F480 /* TableViewController.swift */,
				422C6AA51F69A1A40089F480 /* CustomCell.swift */,
				422C6A7A1F699FA10089F480 /* Assets.xcassets */,
				422C6A7C1F699FA10089F480 /* LaunchScreen.storyboard */,
				422C6A7F1F699FA10089F480 /* Info.plist */,
			);
			path = customCells;
			sourceTree = "<group>";
		};
		422C6A871F699FA10089F480 /* customCellsTests */ = {
			isa = PBXGroup;
			children = (
				422C6A881F699FA10089F480 /* customCellsTests.swift */,
				422C6A8A1F699FA10089F480 /* Info.plist */,
			);
			path = customCellsTests;
			sourceTree = "<group>";
		};
		422C6A921F699FA10089F480 /* customCellsUITests */ = {
			isa = PBXGroup;
			children = (
				422C6A931F699FA10089F480 /* customCellsUITests.swift */,
				422C6A951F699FA10089F480 /* Info.plist */,
			);
			path = customCellsUITests;
			sourceTree = "<group>";
		};
/* End PBXGroup section */

/* Begin PBXNativeTarget section */
		422C6A6F1F699FA10089F480 /* customCells */ = {
			isa = PBXNativeTarget;
			buildConfigurationList = 422C6A981F699FA10089F480 /* Build configuration list for PBXNativeTarget "customCells" */;
			buildPhases = (
				422C6A6C1F699FA10089F480 /* Sources */,
				422C6A6D1F699FA10089F480 /* Frameworks */,
				422C6A6E1F699FA10089F480 /* Resources */,
			);
			buildRules = (
			);
			dependencies = (
			);
			name = customCells;
			productName = customCells;
			productReference = 422C6A701F699FA10089F480 /* customCells.app */;
			productType = "com.apple.product-type.application";
		};
		422C6A831F699FA10089F480 /* customCellsTests */ = {
			isa = PBXNativeTarget;
			buildConfigurationList = 422C6A9B1F699FA10089F480 /* Build configuration list for PBXNativeTarget "customCellsTests" */;
			buildPhases = (
				422C6A801F699FA10089F480 /* Sources */,
				422C6A811F699FA10089F480 /* Frameworks */,
				422C6A821F699FA10089F480 /* Resources */,
			);
			buildRules = (
			);
			dependencies = (
				422C6A861F699FA10089F480 /* PBXTargetDependency */,
			);
			name = customCellsTests;
			productName = customCellsTests;
			productReference = 422C6A841F699FA10089F480 /* customCellsTests.xctest */;
			productType = "com.apple.product-type.bundle.unit-test";
		};
		422C6A8E1F699FA10089F480 /* customCellsUITests */ = {
			isa = PBXNativeTarget;
			buildConfigurationList = 422C6A9E1F699FA10089F480 /* Build configuration list for PBXNativeTarget "customCellsUITests" */;
			buildPhases = (
				422C6A8B1F699FA10089F480 /* Sources */,
				422C6A8C1F699FA10089F480 /* Frameworks */,
				422C6A8D1F699FA10089F480 /* Resources */,
			);
			buildRules = (
			);
			dependencies = (
				422C6A911F699FA10089F480 /* PBXTargetDependency */,
			);
			name = customCellsUITests;
			productName = customCellsUITests;
			productReference = 422C6A8F1F699FA10089F480 /* customCellsUITests.xctest */;
			productType = "com.apple.product-type.bundle.ui-testing";
		};
/* End PBXNativeTarget section */

/* Begin PBXProject section */
		422C6A681F699FA10089F480 /* Project object */ = {
			isa = PBXProject;
			attributes = {
				LastSwiftUpdateCheck = 0830;
				LastUpgradeCheck = 0830;
				ORGANIZATIONNAME = "Life On Your Terms, Inc.";
				TargetAttributes = {
					422C6A6F1F699FA10089F480 = {
						CreatedOnToolsVersion = 8.3.3;
						DevelopmentTeam = EGZ6H5EN2R;
						ProvisioningStyle = Automatic;
					};
					422C6A831F699FA10089F480 = {
						CreatedOnToolsVersion = 8.3.3;
						DevelopmentTeam = EGZ6H5EN2R;
						ProvisioningStyle = Automatic;
						TestTargetID = 422C6A6F1F699FA10089F480;
					};
					422C6A8E1F699FA10089F480 = {
						CreatedOnToolsVersion = 8.3.3;
						DevelopmentTeam = EGZ6H5EN2R;
						ProvisioningStyle = Automatic;
						TestTargetID = 422C6A6F1F699FA10089F480;
					};
				};
			};
			buildConfigurationList = 422C6A6B1F699FA10089F480 /* Build configuration list for PBXProject "customCells" */;
			compatibilityVersion = "Xcode 3.2";
			developmentRegion = English;
			hasScannedForEncodings = 0;
			knownRegions = (
				en,
				Base,
			);
			mainGroup = 422C6A671F699FA10089F480;
			productRefGroup = 422C6A711F699FA10089F480 /* Products */;
			projectDirPath = "";
			projectRoot = "";
			targets = (
				422C6A6F1F699FA10089F480 /* customCells */,
				422C6A831F699FA10089F480 /* customCellsTests */,
				422C6A8E1F699FA10089F480 /* customCellsUITests */,
			);
		};
/* End PBXProject section */

/* Begin PBXResourcesBuildPhase section */
		422C6A6E1F699FA10089F480 /* Resources */ = {
			isa = PBXResourcesBuildPhase;
			buildActionMask = 2147483647;
			files = (
				422C6A7E1F699FA10089F480 /* LaunchScreen.storyboard in Resources */,
				422C6A7B1F699FA10089F480 /* Assets.xcassets in Resources */,
				422C6A791F699FA10089F480 /* Main.storyboard in Resources */,
			);
			runOnlyForDeploymentPostprocessing = 0;
		};
		422C6A821F699FA10089F480 /* Resources */ = {
			isa = PBXResourcesBuildPhase;
			buildActionMask = 2147483647;
			files = (
			);
			runOnlyForDeploymentPostprocessing = 0;
		};
		422C6A8D1F699FA10089F480 /* Resources */ = {
			isa = PBXResourcesBuildPhase;
			buildActionMask = 2147483647;
			files = (
			);
			runOnlyForDeploymentPostprocessing = 0;
		};
/* End PBXResourcesBuildPhase section */

/* Begin PBXSourcesBuildPhase section */
		422C6A6C1F699FA10089F480 /* Sources */ = {
			isa = PBXSourcesBuildPhase;
			buildActionMask = 2147483647;
			files = (
				422C6A761F699FA10089F480 /* ViewController.swift in Sources */,
				422C6AA41F69A0E20089F480 /* TableViewController.swift in Sources */,
				422C6A741F699FA10089F480 /* AppDelegate.swift in Sources */,
			);
			runOnlyForDeploymentPostprocessing = 0;
		};
		422C6A801F699FA10089F480 /* Sources */ = {
			isa = PBXSourcesBuildPhase;
			buildActionMask = 2147483647;
			files = (
				422C6AA61F69A1A40089F480 /* CustomCell.swift in Sources */,
				422C6A891F699FA10089F480 /* customCellsTests.swift in Sources */,
			);
			runOnlyForDeploymentPostprocessing = 0;
		};
		422C6A8B1F699FA10089F480 /* Sources */ = {
			isa = PBXSourcesBuildPhase;
			buildActionMask = 2147483647;
			files = (
				422C6A941F699FA10089F480 /* customCellsUITests.swift in Sources */,
			);
			runOnlyForDeploymentPostprocessing = 0;
		};
/* End PBXSourcesBuildPhase section */

/* Begin PBXTargetDependency section */
		422C6A861F699FA10089F480 /* PBXTargetDependency */ = {
			isa = PBXTargetDependency;
			target = 422C6A6F1F699FA10089F480 /* customCells */;
			targetProxy = 422C6A851F699FA10089F480 /* PBXContainerItemProxy */;
		};
		422C6A911F699FA10089F480 /* PBXTargetDependency */ = {
			isa = PBXTargetDependency;
			target = 422C6A6F1F699FA10089F480 /* customCells */;
			targetProxy = 422C6A901F699FA10089F480 /* PBXContainerItemProxy */;
		};
/* End PBXTargetDependency section */

/* Begin PBXVariantGroup section */
		422C6A771F699FA10089F480 /* Main.storyboard */ = {
			isa = PBXVariantGroup;
			children = (
				422C6A781F699FA10089F480 /* Base */,
			);
			name = Main.storyboard;
			sourceTree = "<group>";
		};
		422C6A7C1F699FA10089F480 /* LaunchScreen.storyboard */ = {
			isa = PBXVariantGroup;
			children = (
				422C6A7D1F699FA10089F480 /* Base */,
			);
			name = LaunchScreen.storyboard;
			sourceTree = "<group>";
		};
/* End PBXVariantGroup section */

/* Begin XCBuildConfiguration section */
		422C6A961F699FA10089F480 /* Debug */ = {
			isa = XCBuildConfiguration;
			buildSettings = {
				ALWAYS_SEARCH_USER_PATHS = NO;
				CLANG_ANALYZER_NONNULL = YES;
				CLANG_ANALYZER_NUMBER_OBJECT_CONVERSION = YES_AGGRESSIVE;
				CLANG_CXX_LANGUAGE_STANDARD = "gnu++0x";
				CLANG_CXX_LIBRARY = "libc++";
				CLANG_ENABLE_MODULES = YES;
				CLANG_ENABLE_OBJC_ARC = YES;
				CLANG_WARN_BOOL_CONVERSION = YES;
				CLANG_WARN_CONSTANT_CONVERSION = YES;
				CLANG_WARN_DIRECT_OBJC_ISA_USAGE = YES_ERROR;
				CLANG_WARN_DOCUMENTATION_COMMENTS = YES;
				CLANG_WARN_EMPTY_BODY = YES;
				CLANG_WARN_ENUM_CONVERSION = YES;
				CLANG_WARN_INFINITE_RECURSION = YES;
				CLANG_WARN_INT_CONVERSION = YES;
				CLANG_WARN_OBJC_ROOT_CLASS = YES_ERROR;
				CLANG_WARN_SUSPICIOUS_MOVE = YES;
				CLANG_WARN_UNREACHABLE_CODE = YES;
				CLANG_WARN__DUPLICATE_METHOD_MATCH = YES;
				"CODE_SIGN_IDENTITY[sdk=iphoneos*]" = "iPhone Developer";
				COPY_PHASE_STRIP = NO;
				DEBUG_INFORMATION_FORMAT = dwarf;
				ENABLE_STRICT_OBJC_MSGSEND = YES;
				ENABLE_TESTABILITY = YES;
				GCC_C_LANGUAGE_STANDARD = gnu99;
				GCC_DYNAMIC_NO_PIC = NO;
				GCC_NO_COMMON_BLOCKS = YES;
				GCC_OPTIMIZATION_LEVEL = 0;
				GCC_PREPROCESSOR_DEFINITIONS = (
					"DEBUG=1",
					"$(inherited)",
				);
				GCC_WARN_64_TO_32_BIT_CONVERSION = YES;
				GCC_WARN_ABOUT_RETURN_TYPE = YES_ERROR;
				GCC_WARN_UNDECLARED_SELECTOR = YES;
				GCC_WARN_UNINITIALIZED_AUTOS = YES_AGGRESSIVE;
				GCC_WARN_UNUSED_FUNCTION = YES;
				GCC_WARN_UNUSED_VARIABLE = YES;
				IPHONEOS_DEPLOYMENT_TARGET = 10.3;
				MTL_ENABLE_DEBUG_INFO = YES;
				ONLY_ACTIVE_ARCH = YES;
				SDKROOT = iphoneos;
				SWIFT_ACTIVE_COMPILATION_CONDITIONS = DEBUG;
				SWIFT_OPTIMIZATION_LEVEL = "-Onone";
				TARGETED_DEVICE_FAMILY = "1,2";
			};
			name = Debug;
		};
		422C6A971F699FA10089F480 /* Release */ = {
			isa = XCBuildConfiguration;
			buildSettings = {
				ALWAYS_SEARCH_USER_PATHS = NO;
				CLANG_ANALYZER_NONNULL = YES;
				CLANG_ANALYZER_NUMBER_OBJECT_CONVERSION = YES_AGGRESSIVE;
				CLANG_CXX_LANGUAGE_STANDARD = "gnu++0x";
				CLANG_CXX_LIBRARY = "libc++";
				CLANG_ENABLE_MODULES = YES;
				CLANG_ENABLE_OBJC_ARC = YES;
				CLANG_WARN_BOOL_CONVERSION = YES;
				CLANG_WARN_CONSTANT_CONVERSION = YES;
				CLANG_WARN_DIRECT_OBJC_ISA_USAGE = YES_ERROR;
				CLANG_WARN_DOCUMENTATION_COMMENTS = YES;
				CLANG_WARN_EMPTY_BODY = YES;
				CLANG_WARN_ENUM_CONVERSION = YES;
				CLANG_WARN_INFINITE_RECURSION = YES;
				CLANG_WARN_INT_CONVERSION = YES;
				CLANG_WARN_OBJC_ROOT_CLASS = YES_ERROR;
				CLANG_WARN_SUSPICIOUS_MOVE = YES;
				CLANG_WARN_UNREACHABLE_CODE = YES;
				CLANG_WARN__DUPLICATE_METHOD_MATCH = YES;
				"CODE_SIGN_IDENTITY[sdk=iphoneos*]" = "iPhone Developer";
				COPY_PHASE_STRIP = NO;
				DEBUG_INFORMATION_FORMAT = "dwarf-with-dsym";
				ENABLE_NS_ASSERTIONS = NO;
				ENABLE_STRICT_OBJC_MSGSEND = YES;
				GCC_C_LANGUAGE_STANDARD = gnu99;
				GCC_NO_COMMON_BLOCKS = YES;
				GCC_WARN_64_TO_32_BIT_CONVERSION = YES;
				GCC_WARN_ABOUT_RETURN_TYPE = YES_ERROR;
				GCC_WARN_UNDECLARED_SELECTOR = YES;
				GCC_WARN_UNINITIALIZED_AUTOS = YES_AGGRESSIVE;
				GCC_WARN_UNUSED_FUNCTION = YES;
				GCC_WARN_UNUSED_VARIABLE = YES;
				IPHONEOS_DEPLOYMENT_TARGET = 10.3;
				MTL_ENABLE_DEBUG_INFO = NO;
				SDKROOT = iphoneos;
				SWIFT_OPTIMIZATION_LEVEL = "-Owholemodule";
				TARGETED_DEVICE_FAMILY = "1,2";
				VALIDATE_PRODUCT = YES;
			};
			name = Release;
		};
		422C6A991F699FA10089F480 /* Debug */ = {
			isa = XCBuildConfiguration;
			buildSettings = {
				ASSETCATALOG_COMPILER_APPICON_NAME = AppIcon;
				DEVELOPMENT_TEAM = EGZ6H5EN2R;
				INFOPLIST_FILE = customCells/Info.plist;
				LD_RUNPATH_SEARCH_PATHS = "$(inherited) @executable_path/Frameworks";
				PRODUCT_BUNDLE_IDENTIFIER = LOYTI.customCells;
				PRODUCT_NAME = "$(TARGET_NAME)";
				SWIFT_VERSION = 3.0;
			};
			name = Debug;
		};
		422C6A9A1F699FA10089F480 /* Release */ = {
			isa = XCBuildConfiguration;
			buildSettings = {
				ASSETCATALOG_COMPILER_APPICON_NAME = AppIcon;
				DEVELOPMENT_TEAM = EGZ6H5EN2R;
				INFOPLIST_FILE = customCells/Info.plist;
				LD_RUNPATH_SEARCH_PATHS = "$(inherited) @executable_path/Frameworks";
				PRODUCT_BUNDLE_IDENTIFIER = LOYTI.customCells;
				PRODUCT_NAME = "$(TARGET_NAME)";
				SWIFT_VERSION = 3.0;
			};
			name = Release;
		};
		422C6A9C1F699FA10089F480 /* Debug */ = {
			isa = XCBuildConfiguration;
			buildSettings = {
				ALWAYS_EMBED_SWIFT_STANDARD_LIBRARIES = YES;
				BUNDLE_LOADER = "$(TEST_HOST)";
				DEVELOPMENT_TEAM = EGZ6H5EN2R;
				INFOPLIST_FILE = customCellsTests/Info.plist;
				LD_RUNPATH_SEARCH_PATHS = "$(inherited) @executable_path/Frameworks @loader_path/Frameworks";
				PRODUCT_BUNDLE_IDENTIFIER = LOYTI.customCellsTests;
				PRODUCT_NAME = "$(TARGET_NAME)";
				SWIFT_VERSION = 3.0;
				TEST_HOST = "$(BUILT_PRODUCTS_DIR)/customCells.app/customCells";
			};
			name = Debug;
		};
		422C6A9D1F699FA10089F480 /* Release */ = {
			isa = XCBuildConfiguration;
			buildSettings = {
				ALWAYS_EMBED_SWIFT_STANDARD_LIBRARIES = YES;
				BUNDLE_LOADER = "$(TEST_HOST)";
				DEVELOPMENT_TEAM = EGZ6H5EN2R;
				INFOPLIST_FILE = customCellsTests/Info.plist;
				LD_RUNPATH_SEARCH_PATHS = "$(inherited) @executable_path/Frameworks @loader_path/Frameworks";
				PRODUCT_BUNDLE_IDENTIFIER = LOYTI.customCellsTests;
				PRODUCT_NAME = "$(TARGET_NAME)";
				SWIFT_VERSION = 3.0;
				TEST_HOST = "$(BUILT_PRODUCTS_DIR)/customCells.app/customCells";
			};
			name = Release;
		};
		422C6A9F1F699FA10089F480 /* Debug */ = {
			isa = XCBuildConfiguration;
			buildSettings = {
				ALWAYS_EMBED_SWIFT_STANDARD_LIBRARIES = YES;
				DEVELOPMENT_TEAM = EGZ6H5EN2R;
				INFOPLIST_FILE = customCellsUITests/Info.plist;
				LD_RUNPATH_SEARCH_PATHS = "$(inherited) @executable_path/Frameworks @loader_path/Frameworks";
				PRODUCT_BUNDLE_IDENTIFIER = LOYTI.customCellsUITests;
				PRODUCT_NAME = "$(TARGET_NAME)";
				SWIFT_VERSION = 3.0;
				TEST_TARGET_NAME = customCells;
			};
			name = Debug;
		};
		422C6AA01F699FA10089F480 /* Release */ = {
			isa = XCBuildConfiguration;
			buildSettings = {
				ALWAYS_EMBED_SWIFT_STANDARD_LIBRARIES = YES;
				DEVELOPMENT_TEAM = EGZ6H5EN2R;
				INFOPLIST_FILE = customCellsUITests/Info.plist;
				LD_RUNPATH_SEARCH_PATHS = "$(inherited) @executable_path/Frameworks @loader_path/Frameworks";
				PRODUCT_BUNDLE_IDENTIFIER = LOYTI.customCellsUITests;
				PRODUCT_NAME = "$(TARGET_NAME)";
				SWIFT_VERSION = 3.0;
				TEST_TARGET_NAME = customCells;
			};
			name = Release;
		};
/* End XCBuildConfiguration section */

/* Begin XCConfigurationList section */
		422C6A6B1F699FA10089F480 /* Build configuration list for PBXProject "customCells" */ = {
			isa = XCConfigurationList;
			buildConfigurations = (
				422C6A961F699FA10089F480 /* Debug */,
				422C6A971F699FA10089F480 /* Release */,
			);
			defaultConfigurationIsVisible = 0;
			defaultConfigurationName = Release;
		};
		422C6A981F699FA10089F480 /* Build configuration list for PBXNativeTarget "customCells" */ = {
			isa = XCConfigurationList;
			buildConfigurations = (
				422C6A991F699FA10089F480 /* Debug */,
				422C6A9A1F699FA10089F480 /* Release */,
			);
			defaultConfigurationIsVisible = 0;
		};
		422C6A9B1F699FA10089F480 /* Build configuration list for PBXNativeTarget "customCellsTests" */ = {
			isa = XCConfigurationList;
			buildConfigurations = (
				422C6A9C1F699FA10089F480 /* Debug */,
				422C6A9D1F699FA10089F480 /* Release */,
			);
			defaultConfigurationIsVisible = 0;
		};
		422C6A9E1F699FA10089F480 /* Build configuration list for PBXNativeTarget "customCellsUITests" */ = {
			isa = XCConfigurationList;
			buildConfigurations = (
				422C6A9F1F699FA10089F480 /* Debug */,
				422C6AA01F699FA10089F480 /* Release */,
			);
			defaultConfigurationIsVisible = 0;
		};
/* End XCConfigurationList section */
	};
	rootObject = 422C6A681F699FA10089F480 /* Project object */;
}
