// !$*UTF8*$!
{
	archiveVersion = 1;
	classes = {
	};
	objectVersion = 46;
	objects = {

/* Begin PBXBuildFile section */
		42DB35541F69BC1200E986E9 /* BucketList.xcdatamodeld in Sources */ = {isa = PBXBuildFile; fileRef = 42DB35521F69BC1200E986E9 /* BucketList.xcdatamodeld */; };
		42DBACE61F684AA800D13EF7 /* AppDelegate.swift in Sources */ = {isa = PBXBuildFile; fileRef = 42DBACE51F684AA800D13EF7 /* AppDelegate.swift */; };
		42DBACE81F684AA800D13EF7 /* ViewController.swift in Sources */ = {isa = PBXBuildFile; fileRef = 42DBACE71F684AA800D13EF7 /* ViewController.swift */; };
		42DBACEB1F684AA800D13EF7 /* Main.storyboard in Resources */ = {isa = PBXBuildFile; fileRef = 42DBACE91F684AA800D13EF7 /* Main.storyboard */; };
		42DBACED1F684AA800D13EF7 /* Assets.xcassets in Resources */ = {isa = PBXBuildFile; fileRef = 42DBACEC1F684AA800D13EF7 /* Assets.xcassets */; };
		42DBACF01F684AA800D13EF7 /* LaunchScreen.storyboard in Resources */ = {isa = PBXBuildFile; fileRef = 42DBACEE1F684AA800D13EF7 /* LaunchScreen.storyboard */; };
		42DBACFB1F684AA800D13EF7 /* bucketLTests.swift in Sources */ = {isa = PBXBuildFile; fileRef = 42DBACFA1F684AA800D13EF7 /* bucketLTests.swift */; };
		42DBAD061F684AA800D13EF7 /* bucketLUITests.swift in Sources */ = {isa = PBXBuildFile; fileRef = 42DBAD051F684AA800D13EF7 /* bucketLUITests.swift */; };
		42DBAD141F684EAD00D13EF7 /* addBucketItemTableViewController.swift in Sources */ = {isa = PBXBuildFile; fileRef = 42DBAD131F684EAD00D13EF7 /* addBucketItemTableViewController.swift */; };
		42DBAD181F68612900D13EF7 /* AddBucketItemTableViewControllerDelegate.swift in Sources */ = {isa = PBXBuildFile; fileRef = 42DBAD171F68612900D13EF7 /* AddBucketItemTableViewControllerDelegate.swift */; };
/* End PBXBuildFile section */

/* Begin PBXContainerItemProxy section */
		42DBACF71F684AA800D13EF7 /* PBXContainerItemProxy */ = {
			isa = PBXContainerItemProxy;
			containerPortal = 42DBACDA1F684AA800D13EF7 /* Project object */;
			proxyType = 1;
			remoteGlobalIDString = 42DBACE11F684AA800D13EF7;
			remoteInfo = bucketL;
		};
		42DBAD021F684AA800D13EF7 /* PBXContainerItemProxy */ = {
			isa = PBXContainerItemProxy;
			containerPortal = 42DBACDA1F684AA800D13EF7 /* Project object */;
			proxyType = 1;
			remoteGlobalIDString = 42DBACE11F684AA800D13EF7;
			remoteInfo = bucketL;
		};
/* End PBXContainerItemProxy section */

/* Begin PBXFileReference section */
		42DB35531F69BC1200E986E9 /* BucketList.xcdatamodel */ = {isa = PBXFileReference; lastKnownFileType = wrapper.xcdatamodel; path = BucketList.xcdatamodel; sourceTree = "<group>"; };
		42DBACE21F684AA800D13EF7 /* bucketL.app */ = {isa = PBXFileReference; explicitFileType = wrapper.application; includeInIndex = 0; path = bucketL.app; sourceTree = BUILT_PRODUCTS_DIR; };
		42DBACE51F684AA800D13EF7 /* AppDelegate.swift */ = {isa = PBXFileReference; lastKnownFileType = sourcecode.swift; path = AppDelegate.swift; sourceTree = "<group>"; };
		42DBACE71F684AA800D13EF7 /* ViewController.swift */ = {isa = PBXFileReference; lastKnownFileType = sourcecode.swift; path = ViewController.swift; sourceTree = "<group>"; };
		42DBACEA1F684AA800D13EF7 /* Base */ = {isa = PBXFileReference; lastKnownFileType = file.storyboard; name = Base; path = Base.lproj/Main.storyboard; sourceTree = "<group>"; };
		42DBACEC1F684AA800D13EF7 /* Assets.xcassets */ = {isa = PBXFileReference; lastKnownFileType = folder.assetcatalog; path = Assets.xcassets; sourceTree = "<group>"; };
		42DBACEF1F684AA800D13EF7 /* Base */ = {isa = PBXFileReference; lastKnownFileType = file.storyboard; name = Base; path = Base.lproj/LaunchScreen.storyboard; sourceTree = "<group>"; };
		42DBACF11F684AA800D13EF7 /* Info.plist */ = {isa = PBXFileReference; lastKnownFileType = text.plist.xml; path = Info.plist; sourceTree = "<group>"; };
		42DBACF61F684AA800D13EF7 /* bucketLTests.xctest */ = {isa = PBXFileReference; explicitFileType = wrapper.cfbundle; includeInIndex = 0; path = bucketLTests.xctest; sourceTree = BUILT_PRODUCTS_DIR; };
		42DBACFA1F684AA800D13EF7 /* bucketLTests.swift */ = {isa = PBXFileReference; lastKnownFileType = sourcecode.swift; path = bucketLTests.swift; sourceTree = "<group>"; };
		42DBACFC1F684AA800D13EF7 /* Info.plist */ = {isa = PBXFileReference; lastKnownFileType = text.plist.xml; path = Info.plist; sourceTree = "<group>"; };
		42DBAD011F684AA800D13EF7 /* bucketLUITests.xctest */ = {isa = PBXFileReference; explicitFileType = wrapper.cfbundle; includeInIndex = 0; path = bucketLUITests.xctest; sourceTree = BUILT_PRODUCTS_DIR; };
		42DBAD051F684AA800D13EF7 /* bucketLUITests.swift */ = {isa = PBXFileReference; lastKnownFileType = sourcecode.swift; path = bucketLUITests.swift; sourceTree = "<group>"; };
		42DBAD071F684AA800D13EF7 /* Info.plist */ = {isa = PBXFileReference; lastKnownFileType = text.plist.xml; path = Info.plist; sourceTree = "<group>"; };
		42DBAD131F684EAD00D13EF7 /* addBucketItemTableViewController.swift */ = {isa = PBXFileReference; fileEncoding = 4; lastKnownFileType = sourcecode.swift; path = addBucketItemTableViewController.swift; sourceTree = "<group>"; };
		42DBAD171F68612900D13EF7 /* AddBucketItemTableViewControllerDelegate.swift */ = {isa = PBXFileReference; fileEncoding = 4; lastKnownFileType = sourcecode.swift; path = AddBucketItemTableViewControllerDelegate.swift; sourceTree = "<group>"; };
/* End PBXFileReference section */

/* Begin PBXFrameworksBuildPhase section */
		42DBACDF1F684AA800D13EF7 /* Frameworks */ = {
			isa = PBXFrameworksBuildPhase;
			buildActionMask = 2147483647;
			files = (
			);
			runOnlyForDeploymentPostprocessing = 0;
		};
		42DBACF31F684AA800D13EF7 /* Frameworks */ = {
			isa = PBXFrameworksBuildPhase;
			buildActionMask = 2147483647;
			files = (
			);
			runOnlyForDeploymentPostprocessing = 0;
		};
		42DBACFE1F684AA800D13EF7 /* Frameworks */ = {
			isa = PBXFrameworksBuildPhase;
			buildActionMask = 2147483647;
			files = (
			);
			runOnlyForDeploymentPostprocessing = 0;
		};
/* End PBXFrameworksBuildPhase section */

/* Begin PBXGroup section */
		42DBACD91F684AA800D13EF7 = {
			isa = PBXGroup;
			children = (
				42DBACE41F684AA800D13EF7 /* bucketL */,
				42DBACF91F684AA800D13EF7 /* bucketLTests */,
				42DBAD041F684AA800D13EF7 /* bucketLUITests */,
				42DBACE31F684AA800D13EF7 /* Products */,
			);
			sourceTree = "<group>";
		};
		42DBACE31F684AA800D13EF7 /* Products */ = {
			isa = PBXGroup;
			children = (
				42DBACE21F684AA800D13EF7 /* bucketL.app */,
				42DBACF61F684AA800D13EF7 /* bucketLTests.xctest */,
				42DBAD011F684AA800D13EF7 /* bucketLUITests.xctest */,
			);
			name = Products;
			sourceTree = "<group>";
		};
		42DBACE41F684AA800D13EF7 /* bucketL */ = {
			isa = PBXGroup;
			children = (
				42DBAD131F684EAD00D13EF7 /* addBucketItemTableViewController.swift */,
				42DBACE51F684AA800D13EF7 /* AppDelegate.swift */,
				42DBACE71F684AA800D13EF7 /* ViewController.swift */,
				42DB35521F69BC1200E986E9 /* BucketList.xcdatamodeld */,
				42DBAD171F68612900D13EF7 /* AddBucketItemTableViewControllerDelegate.swift */,
				42DBACE91F684AA800D13EF7 /* Main.storyboard */,
				42DBACEC1F684AA800D13EF7 /* Assets.xcassets */,
				42DBACEE1F684AA800D13EF7 /* LaunchScreen.storyboard */,
				42DBACF11F684AA800D13EF7 /* Info.plist */,
			);
			path = bucketL;
			sourceTree = "<group>";
		};
		42DBACF91F684AA800D13EF7 /* bucketLTests */ = {
			isa = PBXGroup;
			children = (
				42DBACFA1F684AA800D13EF7 /* bucketLTests.swift */,
				42DBACFC1F684AA800D13EF7 /* Info.plist */,
			);
			path = bucketLTests;
			sourceTree = "<group>";
		};
		42DBAD041F684AA800D13EF7 /* bucketLUITests */ = {
			isa = PBXGroup;
			children = (
				42DBAD051F684AA800D13EF7 /* bucketLUITests.swift */,
				42DBAD071F684AA800D13EF7 /* Info.plist */,
			);
			path = bucketLUITests;
			sourceTree = "<group>";
		};
/* End PBXGroup section */

/* Begin PBXNativeTarget section */
		42DBACE11F684AA800D13EF7 /* bucketL */ = {
			isa = PBXNativeTarget;
			buildConfigurationList = 42DBAD0A1F684AA800D13EF7 /* Build configuration list for PBXNativeTarget "bucketL" */;
			buildPhases = (
				42DBACDE1F684AA800D13EF7 /* Sources */,
				42DBACDF1F684AA800D13EF7 /* Frameworks */,
				42DBACE01F684AA800D13EF7 /* Resources */,
			);
			buildRules = (
			);
			dependencies = (
			);
			name = bucketL;
			productName = bucketL;
			productReference = 42DBACE21F684AA800D13EF7 /* bucketL.app */;
			productType = "com.apple.product-type.application";
		};
		42DBACF51F684AA800D13EF7 /* bucketLTests */ = {
			isa = PBXNativeTarget;
			buildConfigurationList = 42DBAD0D1F684AA800D13EF7 /* Build configuration list for PBXNativeTarget "bucketLTests" */;
			buildPhases = (
				42DBACF21F684AA800D13EF7 /* Sources */,
				42DBACF31F684AA800D13EF7 /* Frameworks */,
				42DBACF41F684AA800D13EF7 /* Resources */,
			);
			buildRules = (
			);
			dependencies = (
				42DBACF81F684AA800D13EF7 /* PBXTargetDependency */,
			);
			name = bucketLTests;
			productName = bucketLTests;
			productReference = 42DBACF61F684AA800D13EF7 /* bucketLTests.xctest */;
			productType = "com.apple.product-type.bundle.unit-test";
		};
		42DBAD001F684AA800D13EF7 /* bucketLUITests */ = {
			isa = PBXNativeTarget;
			buildConfigurationList = 42DBAD101F684AA800D13EF7 /* Build configuration list for PBXNativeTarget "bucketLUITests" */;
			buildPhases = (
				42DBACFD1F684AA800D13EF7 /* Sources */,
				42DBACFE1F684AA800D13EF7 /* Frameworks */,
				42DBACFF1F684AA800D13EF7 /* Resources */,
			);
			buildRules = (
			);
			dependencies = (
				42DBAD031F684AA800D13EF7 /* PBXTargetDependency */,
			);
			name = bucketLUITests;
			productName = bucketLUITests;
			productReference = 42DBAD011F684AA800D13EF7 /* bucketLUITests.xctest */;
			productType = "com.apple.product-type.bundle.ui-testing";
		};
/* End PBXNativeTarget section */

/* Begin PBXProject section */
		42DBACDA1F684AA800D13EF7 /* Project object */ = {
			isa = PBXProject;
			attributes = {
				LastSwiftUpdateCheck = 0830;
				LastUpgradeCheck = 0830;
				ORGANIZATIONNAME = "Life On Your Terms, Inc.";
				TargetAttributes = {
					42DBACE11F684AA800D13EF7 = {
						CreatedOnToolsVersion = 8.3.3;
						DevelopmentTeam = EGZ6H5EN2R;
						ProvisioningStyle = Automatic;
					};
					42DBACF51F684AA800D13EF7 = {
						CreatedOnToolsVersion = 8.3.3;
						DevelopmentTeam = EGZ6H5EN2R;
						ProvisioningStyle = Automatic;
						TestTargetID = 42DBACE11F684AA800D13EF7;
					};
					42DBAD001F684AA800D13EF7 = {
						CreatedOnToolsVersion = 8.3.3;
						DevelopmentTeam = EGZ6H5EN2R;
						ProvisioningStyle = Automatic;
						TestTargetID = 42DBACE11F684AA800D13EF7;
					};
				};
			};
			buildConfigurationList = 42DBACDD1F684AA800D13EF7 /* Build configuration list for PBXProject "bucketL" */;
			compatibilityVersion = "Xcode 3.2";
			developmentRegion = English;
			hasScannedForEncodings = 0;
			knownRegions = (
				en,
				Base,
			);
			mainGroup = 42DBACD91F684AA800D13EF7;
			productRefGroup = 42DBACE31F684AA800D13EF7 /* Products */;
			projectDirPath = "";
			projectRoot = "";
			targets = (
				42DBACE11F684AA800D13EF7 /* bucketL */,
				42DBACF51F684AA800D13EF7 /* bucketLTests */,
				42DBAD001F684AA800D13EF7 /* bucketLUITests */,
			);
		};
/* End PBXProject section */

/* Begin PBXResourcesBuildPhase section */
		42DBACE01F684AA800D13EF7 /* Resources */ = {
			isa = PBXResourcesBuildPhase;
			buildActionMask = 2147483647;
			files = (
				42DBACF01F684AA800D13EF7 /* LaunchScreen.storyboard in Resources */,
				42DBACED1F684AA800D13EF7 /* Assets.xcassets in Resources */,
				42DBACEB1F684AA800D13EF7 /* Main.storyboard in Resources */,
			);
			runOnlyForDeploymentPostprocessing = 0;
		};
		42DBACF41F684AA800D13EF7 /* Resources */ = {
			isa = PBXResourcesBuildPhase;
			buildActionMask = 2147483647;
			files = (
			);
			runOnlyForDeploymentPostprocessing = 0;
		};
		42DBACFF1F684AA800D13EF7 /* Resources */ = {
			isa = PBXResourcesBuildPhase;
			buildActionMask = 2147483647;
			files = (
			);
			runOnlyForDeploymentPostprocessing = 0;
		};
/* End PBXResourcesBuildPhase section */

/* Begin PBXSourcesBuildPhase section */
		42DBACDE1F684AA800D13EF7 /* Sources */ = {
			isa = PBXSourcesBuildPhase;
			buildActionMask = 2147483647;
			files = (
				42DBACE81F684AA800D13EF7 /* ViewController.swift in Sources */,
				42DBACE61F684AA800D13EF7 /* AppDelegate.swift in Sources */,
				42DB35541F69BC1200E986E9 /* BucketList.xcdatamodeld in Sources */,
				42DBAD141F684EAD00D13EF7 /* addBucketItemTableViewController.swift in Sources */,
				42DBAD181F68612900D13EF7 /* AddBucketItemTableViewControllerDelegate.swift in Sources */,
			);
			runOnlyForDeploymentPostprocessing = 0;
		};
		42DBACF21F684AA800D13EF7 /* Sources */ = {
			isa = PBXSourcesBuildPhase;
			buildActionMask = 2147483647;
			files = (
				42DBACFB1F684AA800D13EF7 /* bucketLTests.swift in Sources */,
			);
			runOnlyForDeploymentPostprocessing = 0;
		};
		42DBACFD1F684AA800D13EF7 /* Sources */ = {
			isa = PBXSourcesBuildPhase;
			buildActionMask = 2147483647;
			files = (
				42DBAD061F684AA800D13EF7 /* bucketLUITests.swift in Sources */,
			);
			runOnlyForDeploymentPostprocessing = 0;
		};
/* End PBXSourcesBuildPhase section */

/* Begin PBXTargetDependency section */
		42DBACF81F684AA800D13EF7 /* PBXTargetDependency */ = {
			isa = PBXTargetDependency;
			target = 42DBACE11F684AA800D13EF7 /* bucketL */;
			targetProxy = 42DBACF71F684AA800D13EF7 /* PBXContainerItemProxy */;
		};
		42DBAD031F684AA800D13EF7 /* PBXTargetDependency */ = {
			isa = PBXTargetDependency;
			target = 42DBACE11F684AA800D13EF7 /* bucketL */;
			targetProxy = 42DBAD021F684AA800D13EF7 /* PBXContainerItemProxy */;
		};
/* End PBXTargetDependency section */

/* Begin PBXVariantGroup section */
		42DBACE91F684AA800D13EF7 /* Main.storyboard */ = {
			isa = PBXVariantGroup;
			children = (
				42DBACEA1F684AA800D13EF7 /* Base */,
			);
			name = Main.storyboard;
			sourceTree = "<group>";
		};
		42DBACEE1F684AA800D13EF7 /* LaunchScreen.storyboard */ = {
			isa = PBXVariantGroup;
			children = (
				42DBACEF1F684AA800D13EF7 /* Base */,
			);
			name = LaunchScreen.storyboard;
			sourceTree = "<group>";
		};
/* End PBXVariantGroup section */

/* Begin XCBuildConfiguration section */
		42DBAD081F684AA800D13EF7 /* Debug */ = {
			isa = XCBuildConfiguration;
			buildSettings = {
				ALWAYS_SEARCH_USER_PATHS = NO;
				CLANG_ANALYZER_NONNULL = YES;
				CLANG_ANALYZER_NUMBER_OBJECT_CONVERSION = YES_AGGRESSIVE;
				CLANG_CXX_LANGUAGE_STANDARD = "gnu++0x";
				CLANG_CXX_LIBRARY = "libc++";
				CLANG_ENABLE_MODULES = YES;
				CLANG_ENABLE_OBJC_ARC = YES;
				CLANG_WARN_BOOL_CONVERSION = YES;
				CLANG_WARN_CONSTANT_CONVERSION = YES;
				CLANG_WARN_DIRECT_OBJC_ISA_USAGE = YES_ERROR;
				CLANG_WARN_DOCUMENTATION_COMMENTS = YES;
				CLANG_WARN_EMPTY_BODY = YES;
				CLANG_WARN_ENUM_CONVERSION = YES;
				CLANG_WARN_INFINITE_RECURSION = YES;
				CLANG_WARN_INT_CONVERSION = YES;
				CLANG_WARN_OBJC_ROOT_CLASS = YES_ERROR;
				CLANG_WARN_SUSPICIOUS_MOVE = YES;
				CLANG_WARN_UNREACHABLE_CODE = YES;
				CLANG_WARN__DUPLICATE_METHOD_MATCH = YES;
				"CODE_SIGN_IDENTITY[sdk=iphoneos*]" = "iPhone Developer";
				COPY_PHASE_STRIP = NO;
				DEBUG_INFORMATION_FORMAT = dwarf;
				ENABLE_STRICT_OBJC_MSGSEND = YES;
				ENABLE_TESTABILITY = YES;
				GCC_C_LANGUAGE_STANDARD = gnu99;
				GCC_DYNAMIC_NO_PIC = NO;
				GCC_NO_COMMON_BLOCKS = YES;
				GCC_OPTIMIZATION_LEVEL = 0;
				GCC_PREPROCESSOR_DEFINITIONS = (
					"DEBUG=1",
					"$(inherited)",
				);
				GCC_WARN_64_TO_32_BIT_CONVERSION = YES;
				GCC_WARN_ABOUT_RETURN_TYPE = YES_ERROR;
				GCC_WARN_UNDECLARED_SELECTOR = YES;
				GCC_WARN_UNINITIALIZED_AUTOS = YES_AGGRESSIVE;
				GCC_WARN_UNUSED_FUNCTION = YES;
				GCC_WARN_UNUSED_VARIABLE = YES;
				IPHONEOS_DEPLOYMENT_TARGET = 10.3;
				MTL_ENABLE_DEBUG_INFO = YES;
				ONLY_ACTIVE_ARCH = YES;
				SDKROOT = iphoneos;
				SWIFT_ACTIVE_COMPILATION_CONDITIONS = DEBUG;
				SWIFT_OPTIMIZATION_LEVEL = "-Onone";
				TARGETED_DEVICE_FAMILY = "1,2";
			};
			name = Debug;
		};
		42DBAD091F684AA800D13EF7 /* Release */ = {
			isa = XCBuildConfiguration;
			buildSettings = {
				ALWAYS_SEARCH_USER_PATHS = NO;
				CLANG_ANALYZER_NONNULL = YES;
				CLANG_ANALYZER_NUMBER_OBJECT_CONVERSION = YES_AGGRESSIVE;
				CLANG_CXX_LANGUAGE_STANDARD = "gnu++0x";
				CLANG_CXX_LIBRARY = "libc++";
				CLANG_ENABLE_MODULES = YES;
				CLANG_ENABLE_OBJC_ARC = YES;
				CLANG_WARN_BOOL_CONVERSION = YES;
				CLANG_WARN_CONSTANT_CONVERSION = YES;
				CLANG_WARN_DIRECT_OBJC_ISA_USAGE = YES_ERROR;
				CLANG_WARN_DOCUMENTATION_COMMENTS = YES;
				CLANG_WARN_EMPTY_BODY = YES;
				CLANG_WARN_ENUM_CONVERSION = YES;
				CLANG_WARN_INFINITE_RECURSION = YES;
				CLANG_WARN_INT_CONVERSION = YES;
				CLANG_WARN_OBJC_ROOT_CLASS = YES_ERROR;
				CLANG_WARN_SUSPICIOUS_MOVE = YES;
				CLANG_WARN_UNREACHABLE_CODE = YES;
				CLANG_WARN__DUPLICATE_METHOD_MATCH = YES;
				"CODE_SIGN_IDENTITY[sdk=iphoneos*]" = "iPhone Developer";
				COPY_PHASE_STRIP = NO;
				DEBUG_INFORMATION_FORMAT = "dwarf-with-dsym";
				ENABLE_NS_ASSERTIONS = NO;
				ENABLE_STRICT_OBJC_MSGSEND = YES;
				GCC_C_LANGUAGE_STANDARD = gnu99;
				GCC_NO_COMMON_BLOCKS = YES;
				GCC_WARN_64_TO_32_BIT_CONVERSION = YES;
				GCC_WARN_ABOUT_RETURN_TYPE = YES_ERROR;
				GCC_WARN_UNDECLARED_SELECTOR = YES;
				GCC_WARN_UNINITIALIZED_AUTOS = YES_AGGRESSIVE;
				GCC_WARN_UNUSED_FUNCTION = YES;
				GCC_WARN_UNUSED_VARIABLE = YES;
				IPHONEOS_DEPLOYMENT_TARGET = 10.3;
				MTL_ENABLE_DEBUG_INFO = NO;
				SDKROOT = iphoneos;
				SWIFT_OPTIMIZATION_LEVEL = "-Owholemodule";
				TARGETED_DEVICE_FAMILY = "1,2";
				VALIDATE_PRODUCT = YES;
			};
			name = Release;
		};
		42DBAD0B1F684AA800D13EF7 /* Debug */ = {
			isa = XCBuildConfiguration;
			buildSettings = {
				ASSETCATALOG_COMPILER_APPICON_NAME = AppIcon;
				DEVELOPMENT_TEAM = EGZ6H5EN2R;
				INFOPLIST_FILE = bucketL/Info.plist;
				LD_RUNPATH_SEARCH_PATHS = "$(inherited) @executable_path/Frameworks";
				PRODUCT_BUNDLE_IDENTIFIER = LOYTI.bucketL;
				PRODUCT_NAME = "$(TARGET_NAME)";
				SWIFT_VERSION = 3.0;
			};
			name = Debug;
		};
		42DBAD0C1F684AA800D13EF7 /* Release */ = {
			isa = XCBuildConfiguration;
			buildSettings = {
				ASSETCATALOG_COMPILER_APPICON_NAME = AppIcon;
				DEVELOPMENT_TEAM = EGZ6H5EN2R;
				INFOPLIST_FILE = bucketL/Info.plist;
				LD_RUNPATH_SEARCH_PATHS = "$(inherited) @executable_path/Frameworks";
				PRODUCT_BUNDLE_IDENTIFIER = LOYTI.bucketL;
				PRODUCT_NAME = "$(TARGET_NAME)";
				SWIFT_VERSION = 3.0;
			};
			name = Release;
		};
		42DBAD0E1F684AA800D13EF7 /* Debug */ = {
			isa = XCBuildConfiguration;
			buildSettings = {
				ALWAYS_EMBED_SWIFT_STANDARD_LIBRARIES = YES;
				BUNDLE_LOADER = "$(TEST_HOST)";
				DEVELOPMENT_TEAM = EGZ6H5EN2R;
				INFOPLIST_FILE = bucketLTests/Info.plist;
				LD_RUNPATH_SEARCH_PATHS = "$(inherited) @executable_path/Frameworks @loader_path/Frameworks";
				PRODUCT_BUNDLE_IDENTIFIER = LOYTI.bucketLTests;
				PRODUCT_NAME = "$(TARGET_NAME)";
				SWIFT_VERSION = 3.0;
				TEST_HOST = "$(BUILT_PRODUCTS_DIR)/bucketL.app/bucketL";
			};
			name = Debug;
		};
		42DBAD0F1F684AA800D13EF7 /* Release */ = {
			isa = XCBuildConfiguration;
			buildSettings = {
				ALWAYS_EMBED_SWIFT_STANDARD_LIBRARIES = YES;
				BUNDLE_LOADER = "$(TEST_HOST)";
				DEVELOPMENT_TEAM = EGZ6H5EN2R;
				INFOPLIST_FILE = bucketLTests/Info.plist;
				LD_RUNPATH_SEARCH_PATHS = "$(inherited) @executable_path/Frameworks @loader_path/Frameworks";
				PRODUCT_BUNDLE_IDENTIFIER = LOYTI.bucketLTests;
				PRODUCT_NAME = "$(TARGET_NAME)";
				SWIFT_VERSION = 3.0;
				TEST_HOST = "$(BUILT_PRODUCTS_DIR)/bucketL.app/bucketL";
			};
			name = Release;
		};
		42DBAD111F684AA800D13EF7 /* Debug */ = {
			isa = XCBuildConfiguration;
			buildSettings = {
				ALWAYS_EMBED_SWIFT_STANDARD_LIBRARIES = YES;
				DEVELOPMENT_TEAM = EGZ6H5EN2R;
				INFOPLIST_FILE = bucketLUITests/Info.plist;
				LD_RUNPATH_SEARCH_PATHS = "$(inherited) @executable_path/Frameworks @loader_path/Frameworks";
				PRODUCT_BUNDLE_IDENTIFIER = LOYTI.bucketLUITests;
				PRODUCT_NAME = "$(TARGET_NAME)";
				SWIFT_VERSION = 3.0;
				TEST_TARGET_NAME = bucketL;
			};
			name = Debug;
		};
		42DBAD121F684AA800D13EF7 /* Release */ = {
			isa = XCBuildConfiguration;
			buildSettings = {
				ALWAYS_EMBED_SWIFT_STANDARD_LIBRARIES = YES;
				DEVELOPMENT_TEAM = EGZ6H5EN2R;
				INFOPLIST_FILE = bucketLUITests/Info.plist;
				LD_RUNPATH_SEARCH_PATHS = "$(inherited) @executable_path/Frameworks @loader_path/Frameworks";
				PRODUCT_BUNDLE_IDENTIFIER = LOYTI.bucketLUITests;
				PRODUCT_NAME = "$(TARGET_NAME)";
				SWIFT_VERSION = 3.0;
				TEST_TARGET_NAME = bucketL;
			};
			name = Release;
		};
/* End XCBuildConfiguration section */

/* Begin XCConfigurationList section */
		42DBACDD1F684AA800D13EF7 /* Build configuration list for PBXProject "bucketL" */ = {
			isa = XCConfigurationList;
			buildConfigurations = (
				42DBAD081F684AA800D13EF7 /* Debug */,
				42DBAD091F684AA800D13EF7 /* Release */,
			);
			defaultConfigurationIsVisible = 0;
			defaultConfigurationName = Release;
		};
		42DBAD0A1F684AA800D13EF7 /* Build configuration list for PBXNativeTarget "bucketL" */ = {
			isa = XCConfigurationList;
			buildConfigurations = (
				42DBAD0B1F684AA800D13EF7 /* Debug */,
				42DBAD0C1F684AA800D13EF7 /* Release */,
			);
			defaultConfigurationIsVisible = 0;
			defaultConfigurationName = Release;
		};
		42DBAD0D1F684AA800D13EF7 /* Build configuration list for PBXNativeTarget "bucketLTests" */ = {
			isa = XCConfigurationList;
			buildConfigurations = (
				42DBAD0E1F684AA800D13EF7 /* Debug */,
				42DBAD0F1F684AA800D13EF7 /* Release */,
			);
			defaultConfigurationIsVisible = 0;
			defaultConfigurationName = Release;
		};
		42DBAD101F684AA800D13EF7 /* Build configuration list for PBXNativeTarget "bucketLUITests" */ = {
			isa = XCConfigurationList;
			buildConfigurations = (
				42DBAD111F684AA800D13EF7 /* Debug */,
				42DBAD121F684AA800D13EF7 /* Release */,
			);
			defaultConfigurationIsVisible = 0;
			defaultConfigurationName = Release;
		};
/* End XCConfigurationList section */

/* Begin XCVersionGroup section */
		42DB35521F69BC1200E986E9 /* BucketList.xcdatamodeld */ = {
			isa = XCVersionGroup;
			children = (
				42DB35531F69BC1200E986E9 /* BucketList.xcdatamodel */,
			);
			currentVersion = 42DB35531F69BC1200E986E9 /* BucketList.xcdatamodel */;
			path = BucketList.xcdatamodeld;
			sourceTree = "<group>";
			versionGroupType = wrapper.xcdatamodel;
		};
/* End XCVersionGroup section */
	};
	rootObject = 42DBACDA1F684AA800D13EF7 /* Project object */;
}
