// !$*UTF8*$!
{
	archiveVersion = 1;
	classes = {
	};
	objectVersion = 46;
	objects = {

/* Begin PBXBuildFile section */
		4256EBCC1F60C005009567D1 /* AppDelegate.swift in Sources */ = {isa = PBXBuildFile; fileRef = 4256EBCB1F60C005009567D1 /* AppDelegate.swift */; };
		4256EBCE1F60C005009567D1 /* ViewController.swift in Sources */ = {isa = PBXBuildFile; fileRef = 4256EBCD1F60C005009567D1 /* ViewController.swift */; };
		4256EBD11F60C005009567D1 /* Main.storyboard in Resources */ = {isa = PBXBuildFile; fileRef = 4256EBCF1F60C005009567D1 /* Main.storyboard */; };
		4256EBD31F60C005009567D1 /* Assets.xcassets in Resources */ = {isa = PBXBuildFile; fileRef = 4256EBD21F60C005009567D1 /* Assets.xcassets */; };
		4256EBD61F60C005009567D1 /* LaunchScreen.storyboard in Resources */ = {isa = PBXBuildFile; fileRef = 4256EBD41F60C005009567D1 /* LaunchScreen.storyboard */; };
		4256EBE11F60C005009567D1 /* rGameTests.swift in Sources */ = {isa = PBXBuildFile; fileRef = 4256EBE01F60C005009567D1 /* rGameTests.swift */; };
		4256EBEC1F60C005009567D1 /* rGameUITests.swift in Sources */ = {isa = PBXBuildFile; fileRef = 4256EBEB1F60C005009567D1 /* rGameUITests.swift */; };
/* End PBXBuildFile section */

/* Begin PBXContainerItemProxy section */
		4256EBDD1F60C005009567D1 /* PBXContainerItemProxy */ = {
			isa = PBXContainerItemProxy;
			containerPortal = 4256EBC01F60C005009567D1 /* Project object */;
			proxyType = 1;
			remoteGlobalIDString = 4256EBC71F60C005009567D1;
			remoteInfo = rGame;
		};
		4256EBE81F60C005009567D1 /* PBXContainerItemProxy */ = {
			isa = PBXContainerItemProxy;
			containerPortal = 4256EBC01F60C005009567D1 /* Project object */;
			proxyType = 1;
			remoteGlobalIDString = 4256EBC71F60C005009567D1;
			remoteInfo = rGame;
		};
/* End PBXContainerItemProxy section */

/* Begin PBXFileReference section */
		4256EBC81F60C005009567D1 /* rGame.app */ = {isa = PBXFileReference; explicitFileType = wrapper.application; includeInIndex = 0; path = rGame.app; sourceTree = BUILT_PRODUCTS_DIR; };
		4256EBCB1F60C005009567D1 /* AppDelegate.swift */ = {isa = PBXFileReference; lastKnownFileType = sourcecode.swift; path = AppDelegate.swift; sourceTree = "<group>"; };
		4256EBCD1F60C005009567D1 /* ViewController.swift */ = {isa = PBXFileReference; lastKnownFileType = sourcecode.swift; path = ViewController.swift; sourceTree = "<group>"; };
		4256EBD01F60C005009567D1 /* Base */ = {isa = PBXFileReference; lastKnownFileType = file.storyboard; name = Base; path = Base.lproj/Main.storyboard; sourceTree = "<group>"; };
		4256EBD21F60C005009567D1 /* Assets.xcassets */ = {isa = PBXFileReference; lastKnownFileType = folder.assetcatalog; path = Assets.xcassets; sourceTree = "<group>"; };
		4256EBD51F60C005009567D1 /* Base */ = {isa = PBXFileReference; lastKnownFileType = file.storyboard; name = Base; path = Base.lproj/LaunchScreen.storyboard; sourceTree = "<group>"; };
		4256EBD71F60C005009567D1 /* Info.plist */ = {isa = PBXFileReference; lastKnownFileType = text.plist.xml; path = Info.plist; sourceTree = "<group>"; };
		4256EBDC1F60C005009567D1 /* rGameTests.xctest */ = {isa = PBXFileReference; explicitFileType = wrapper.cfbundle; includeInIndex = 0; path = rGameTests.xctest; sourceTree = BUILT_PRODUCTS_DIR; };
		4256EBE01F60C005009567D1 /* rGameTests.swift */ = {isa = PBXFileReference; lastKnownFileType = sourcecode.swift; path = rGameTests.swift; sourceTree = "<group>"; };
		4256EBE21F60C005009567D1 /* Info.plist */ = {isa = PBXFileReference; lastKnownFileType = text.plist.xml; path = Info.plist; sourceTree = "<group>"; };
		4256EBE71F60C005009567D1 /* rGameUITests.xctest */ = {isa = PBXFileReference; explicitFileType = wrapper.cfbundle; includeInIndex = 0; path = rGameUITests.xctest; sourceTree = BUILT_PRODUCTS_DIR; };
		4256EBEB1F60C005009567D1 /* rGameUITests.swift */ = {isa = PBXFileReference; lastKnownFileType = sourcecode.swift; path = rGameUITests.swift; sourceTree = "<group>"; };
		4256EBED1F60C005009567D1 /* Info.plist */ = {isa = PBXFileReference; lastKnownFileType = text.plist.xml; path = Info.plist; sourceTree = "<group>"; };
/* End PBXFileReference section */

/* Begin PBXFrameworksBuildPhase section */
		4256EBC51F60C005009567D1 /* Frameworks */ = {
			isa = PBXFrameworksBuildPhase;
			buildActionMask = 2147483647;
			files = (
			);
			runOnlyForDeploymentPostprocessing = 0;
		};
		4256EBD91F60C005009567D1 /* Frameworks */ = {
			isa = PBXFrameworksBuildPhase;
			buildActionMask = 2147483647;
			files = (
			);
			runOnlyForDeploymentPostprocessing = 0;
		};
		4256EBE41F60C005009567D1 /* Frameworks */ = {
			isa = PBXFrameworksBuildPhase;
			buildActionMask = 2147483647;
			files = (
			);
			runOnlyForDeploymentPostprocessing = 0;
		};
/* End PBXFrameworksBuildPhase section */

/* Begin PBXGroup section */
		4256EBBF1F60C005009567D1 = {
			isa = PBXGroup;
			children = (
				4256EBCA1F60C005009567D1 /* rGame */,
				4256EBDF1F60C005009567D1 /* rGameTests */,
				4256EBEA1F60C005009567D1 /* rGameUITests */,
				4256EBC91F60C005009567D1 /* Products */,
			);
			sourceTree = "<group>";
		};
		4256EBC91F60C005009567D1 /* Products */ = {
			isa = PBXGroup;
			children = (
				4256EBC81F60C005009567D1 /* rGame.app */,
				4256EBDC1F60C005009567D1 /* rGameTests.xctest */,
				4256EBE71F60C005009567D1 /* rGameUITests.xctest */,
			);
			name = Products;
			sourceTree = "<group>";
		};
		4256EBCA1F60C005009567D1 /* rGame */ = {
			isa = PBXGroup;
			children = (
				4256EBCB1F60C005009567D1 /* AppDelegate.swift */,
				4256EBCD1F60C005009567D1 /* ViewController.swift */,
				4256EBCF1F60C005009567D1 /* Main.storyboard */,
				4256EBD21F60C005009567D1 /* Assets.xcassets */,
				4256EBD41F60C005009567D1 /* LaunchScreen.storyboard */,
				4256EBD71F60C005009567D1 /* Info.plist */,
			);
			path = rGame;
			sourceTree = "<group>";
		};
		4256EBDF1F60C005009567D1 /* rGameTests */ = {
			isa = PBXGroup;
			children = (
				4256EBE01F60C005009567D1 /* rGameTests.swift */,
				4256EBE21F60C005009567D1 /* Info.plist */,
			);
			path = rGameTests;
			sourceTree = "<group>";
		};
		4256EBEA1F60C005009567D1 /* rGameUITests */ = {
			isa = PBXGroup;
			children = (
				4256EBEB1F60C005009567D1 /* rGameUITests.swift */,
				4256EBED1F60C005009567D1 /* Info.plist */,
			);
			path = rGameUITests;
			sourceTree = "<group>";
		};
/* End PBXGroup section */

/* Begin PBXNativeTarget section */
		4256EBC71F60C005009567D1 /* rGame */ = {
			isa = PBXNativeTarget;
			buildConfigurationList = 4256EBF01F60C005009567D1 /* Build configuration list for PBXNativeTarget "rGame" */;
			buildPhases = (
				4256EBC41F60C005009567D1 /* Sources */,
				4256EBC51F60C005009567D1 /* Frameworks */,
				4256EBC61F60C005009567D1 /* Resources */,
			);
			buildRules = (
			);
			dependencies = (
			);
			name = rGame;
			productName = rGame;
			productReference = 4256EBC81F60C005009567D1 /* rGame.app */;
			productType = "com.apple.product-type.application";
		};
		4256EBDB1F60C005009567D1 /* rGameTests */ = {
			isa = PBXNativeTarget;
			buildConfigurationList = 4256EBF31F60C005009567D1 /* Build configuration list for PBXNativeTarget "rGameTests" */;
			buildPhases = (
				4256EBD81F60C005009567D1 /* Sources */,
				4256EBD91F60C005009567D1 /* Frameworks */,
				4256EBDA1F60C005009567D1 /* Resources */,
			);
			buildRules = (
			);
			dependencies = (
				4256EBDE1F60C005009567D1 /* PBXTargetDependency */,
			);
			name = rGameTests;
			productName = rGameTests;
			productReference = 4256EBDC1F60C005009567D1 /* rGameTests.xctest */;
			productType = "com.apple.product-type.bundle.unit-test";
		};
		4256EBE61F60C005009567D1 /* rGameUITests */ = {
			isa = PBXNativeTarget;
			buildConfigurationList = 4256EBF61F60C005009567D1 /* Build configuration list for PBXNativeTarget "rGameUITests" */;
			buildPhases = (
				4256EBE31F60C005009567D1 /* Sources */,
				4256EBE41F60C005009567D1 /* Frameworks */,
				4256EBE51F60C005009567D1 /* Resources */,
			);
			buildRules = (
			);
			dependencies = (
				4256EBE91F60C005009567D1 /* PBXTargetDependency */,
			);
			name = rGameUITests;
			productName = rGameUITests;
			productReference = 4256EBE71F60C005009567D1 /* rGameUITests.xctest */;
			productType = "com.apple.product-type.bundle.ui-testing";
		};
/* End PBXNativeTarget section */

/* Begin PBXProject section */
		4256EBC01F60C005009567D1 /* Project object */ = {
			isa = PBXProject;
			attributes = {
				LastSwiftUpdateCheck = 0830;
				LastUpgradeCheck = 0830;
				ORGANIZATIONNAME = "Life On Your Terms, Inc.";
				TargetAttributes = {
					4256EBC71F60C005009567D1 = {
						CreatedOnToolsVersion = 8.3.3;
						DevelopmentTeam = EGZ6H5EN2R;
						ProvisioningStyle = Automatic;
					};
					4256EBDB1F60C005009567D1 = {
						CreatedOnToolsVersion = 8.3.3;
						DevelopmentTeam = EGZ6H5EN2R;
						ProvisioningStyle = Automatic;
						TestTargetID = 4256EBC71F60C005009567D1;
					};
					4256EBE61F60C005009567D1 = {
						CreatedOnToolsVersion = 8.3.3;
						DevelopmentTeam = EGZ6H5EN2R;
						ProvisioningStyle = Automatic;
						TestTargetID = 4256EBC71F60C005009567D1;
					};
				};
			};
			buildConfigurationList = 4256EBC31F60C005009567D1 /* Build configuration list for PBXProject "rGame" */;
			compatibilityVersion = "Xcode 3.2";
			developmentRegion = English;
			hasScannedForEncodings = 0;
			knownRegions = (
				en,
				Base,
			);
			mainGroup = 4256EBBF1F60C005009567D1;
			productRefGroup = 4256EBC91F60C005009567D1 /* Products */;
			projectDirPath = "";
			projectRoot = "";
			targets = (
				4256EBC71F60C005009567D1 /* rGame */,
				4256EBDB1F60C005009567D1 /* rGameTests */,
				4256EBE61F60C005009567D1 /* rGameUITests */,
			);
		};
/* End PBXProject section */

/* Begin PBXResourcesBuildPhase section */
		4256EBC61F60C005009567D1 /* Resources */ = {
			isa = PBXResourcesBuildPhase;
			buildActionMask = 2147483647;
			files = (
				4256EBD61F60C005009567D1 /* LaunchScreen.storyboard in Resources */,
				4256EBD31F60C005009567D1 /* Assets.xcassets in Resources */,
				4256EBD11F60C005009567D1 /* Main.storyboard in Resources */,
			);
			runOnlyForDeploymentPostprocessing = 0;
		};
		4256EBDA1F60C005009567D1 /* Resources */ = {
			isa = PBXResourcesBuildPhase;
			buildActionMask = 2147483647;
			files = (
			);
			runOnlyForDeploymentPostprocessing = 0;
		};
		4256EBE51F60C005009567D1 /* Resources */ = {
			isa = PBXResourcesBuildPhase;
			buildActionMask = 2147483647;
			files = (
			);
			runOnlyForDeploymentPostprocessing = 0;
		};
/* End PBXResourcesBuildPhase section */

/* Begin PBXSourcesBuildPhase section */
		4256EBC41F60C005009567D1 /* Sources */ = {
			isa = PBXSourcesBuildPhase;
			buildActionMask = 2147483647;
			files = (
				4256EBCE1F60C005009567D1 /* ViewController.swift in Sources */,
				4256EBCC1F60C005009567D1 /* AppDelegate.swift in Sources */,
			);
			runOnlyForDeploymentPostprocessing = 0;
		};
		4256EBD81F60C005009567D1 /* Sources */ = {
			isa = PBXSourcesBuildPhase;
			buildActionMask = 2147483647;
			files = (
				4256EBE11F60C005009567D1 /* rGameTests.swift in Sources */,
			);
			runOnlyForDeploymentPostprocessing = 0;
		};
		4256EBE31F60C005009567D1 /* Sources */ = {
			isa = PBXSourcesBuildPhase;
			buildActionMask = 2147483647;
			files = (
				4256EBEC1F60C005009567D1 /* rGameUITests.swift in Sources */,
			);
			runOnlyForDeploymentPostprocessing = 0;
		};
/* End PBXSourcesBuildPhase section */

/* Begin PBXTargetDependency section */
		4256EBDE1F60C005009567D1 /* PBXTargetDependency */ = {
			isa = PBXTargetDependency;
			target = 4256EBC71F60C005009567D1 /* rGame */;
			targetProxy = 4256EBDD1F60C005009567D1 /* PBXContainerItemProxy */;
		};
		4256EBE91F60C005009567D1 /* PBXTargetDependency */ = {
			isa = PBXTargetDependency;
			target = 4256EBC71F60C005009567D1 /* rGame */;
			targetProxy = 4256EBE81F60C005009567D1 /* PBXContainerItemProxy */;
		};
/* End PBXTargetDependency section */

/* Begin PBXVariantGroup section */
		4256EBCF1F60C005009567D1 /* Main.storyboard */ = {
			isa = PBXVariantGroup;
			children = (
				4256EBD01F60C005009567D1 /* Base */,
			);
			name = Main.storyboard;
			sourceTree = "<group>";
		};
		4256EBD41F60C005009567D1 /* LaunchScreen.storyboard */ = {
			isa = PBXVariantGroup;
			children = (
				4256EBD51F60C005009567D1 /* Base */,
			);
			name = LaunchScreen.storyboard;
			sourceTree = "<group>";
		};
/* End PBXVariantGroup section */

/* Begin XCBuildConfiguration section */
		4256EBEE1F60C005009567D1 /* Debug */ = {
			isa = XCBuildConfiguration;
			buildSettings = {
				ALWAYS_SEARCH_USER_PATHS = NO;
				CLANG_ANALYZER_NONNULL = YES;
				CLANG_ANALYZER_NUMBER_OBJECT_CONVERSION = YES_AGGRESSIVE;
				CLANG_CXX_LANGUAGE_STANDARD = "gnu++0x";
				CLANG_CXX_LIBRARY = "libc++";
				CLANG_ENABLE_MODULES = YES;
				CLANG_ENABLE_OBJC_ARC = YES;
				CLANG_WARN_BOOL_CONVERSION = YES;
				CLANG_WARN_CONSTANT_CONVERSION = YES;
				CLANG_WARN_DIRECT_OBJC_ISA_USAGE = YES_ERROR;
				CLANG_WARN_DOCUMENTATION_COMMENTS = YES;
				CLANG_WARN_EMPTY_BODY = YES;
				CLANG_WARN_ENUM_CONVERSION = YES;
				CLANG_WARN_INFINITE_RECURSION = YES;
				CLANG_WARN_INT_CONVERSION = YES;
				CLANG_WARN_OBJC_ROOT_CLASS = YES_ERROR;
				CLANG_WARN_SUSPICIOUS_MOVE = YES;
				CLANG_WARN_UNREACHABLE_CODE = YES;
				CLANG_WARN__DUPLICATE_METHOD_MATCH = YES;
				"CODE_SIGN_IDENTITY[sdk=iphoneos*]" = "iPhone Developer";
				COPY_PHASE_STRIP = NO;
				DEBUG_INFORMATION_FORMAT = dwarf;
				ENABLE_STRICT_OBJC_MSGSEND = YES;
				ENABLE_TESTABILITY = YES;
				GCC_C_LANGUAGE_STANDARD = gnu99;
				GCC_DYNAMIC_NO_PIC = NO;
				GCC_NO_COMMON_BLOCKS = YES;
				GCC_OPTIMIZATION_LEVEL = 0;
				GCC_PREPROCESSOR_DEFINITIONS = (
					"DEBUG=1",
					"$(inherited)",
				);
				GCC_WARN_64_TO_32_BIT_CONVERSION = YES;
				GCC_WARN_ABOUT_RETURN_TYPE = YES_ERROR;
				GCC_WARN_UNDECLARED_SELECTOR = YES;
				GCC_WARN_UNINITIALIZED_AUTOS = YES_AGGRESSIVE;
				GCC_WARN_UNUSED_FUNCTION = YES;
				GCC_WARN_UNUSED_VARIABLE = YES;
				IPHONEOS_DEPLOYMENT_TARGET = 10.3;
				MTL_ENABLE_DEBUG_INFO = YES;
				ONLY_ACTIVE_ARCH = YES;
				SDKROOT = iphoneos;
				SWIFT_ACTIVE_COMPILATION_CONDITIONS = DEBUG;
				SWIFT_OPTIMIZATION_LEVEL = "-Onone";
				TARGETED_DEVICE_FAMILY = "1,2";
			};
			name = Debug;
		};
		4256EBEF1F60C005009567D1 /* Release */ = {
			isa = XCBuildConfiguration;
			buildSettings = {
				ALWAYS_SEARCH_USER_PATHS = NO;
				CLANG_ANALYZER_NONNULL = YES;
				CLANG_ANALYZER_NUMBER_OBJECT_CONVERSION = YES_AGGRESSIVE;
				CLANG_CXX_LANGUAGE_STANDARD = "gnu++0x";
				CLANG_CXX_LIBRARY = "libc++";
				CLANG_ENABLE_MODULES = YES;
				CLANG_ENABLE_OBJC_ARC = YES;
				CLANG_WARN_BOOL_CONVERSION = YES;
				CLANG_WARN_CONSTANT_CONVERSION = YES;
				CLANG_WARN_DIRECT_OBJC_ISA_USAGE = YES_ERROR;
				CLANG_WARN_DOCUMENTATION_COMMENTS = YES;
				CLANG_WARN_EMPTY_BODY = YES;
				CLANG_WARN_ENUM_CONVERSION = YES;
				CLANG_WARN_INFINITE_RECURSION = YES;
				CLANG_WARN_INT_CONVERSION = YES;
				CLANG_WARN_OBJC_ROOT_CLASS = YES_ERROR;
				CLANG_WARN_SUSPICIOUS_MOVE = YES;
				CLANG_WARN_UNREACHABLE_CODE = YES;
				CLANG_WARN__DUPLICATE_METHOD_MATCH = YES;
				"CODE_SIGN_IDENTITY[sdk=iphoneos*]" = "iPhone Developer";
				COPY_PHASE_STRIP = NO;
				DEBUG_INFORMATION_FORMAT = "dwarf-with-dsym";
				ENABLE_NS_ASSERTIONS = NO;
				ENABLE_STRICT_OBJC_MSGSEND = YES;
				GCC_C_LANGUAGE_STANDARD = gnu99;
				GCC_NO_COMMON_BLOCKS = YES;
				GCC_WARN_64_TO_32_BIT_CONVERSION = YES;
				GCC_WARN_ABOUT_RETURN_TYPE = YES_ERROR;
				GCC_WARN_UNDECLARED_SELECTOR = YES;
				GCC_WARN_UNINITIALIZED_AUTOS = YES_AGGRESSIVE;
				GCC_WARN_UNUSED_FUNCTION = YES;
				GCC_WARN_UNUSED_VARIABLE = YES;
				IPHONEOS_DEPLOYMENT_TARGET = 10.3;
				MTL_ENABLE_DEBUG_INFO = NO;
				SDKROOT = iphoneos;
				SWIFT_OPTIMIZATION_LEVEL = "-Owholemodule";
				TARGETED_DEVICE_FAMILY = "1,2";
				VALIDATE_PRODUCT = YES;
			};
			name = Release;
		};
		4256EBF11F60C005009567D1 /* Debug */ = {
			isa = XCBuildConfiguration;
			buildSettings = {
				ASSETCATALOG_COMPILER_APPICON_NAME = AppIcon;
				DEVELOPMENT_TEAM = EGZ6H5EN2R;
				INFOPLIST_FILE = rGame/Info.plist;
				LD_RUNPATH_SEARCH_PATHS = "$(inherited) @executable_path/Frameworks";
				PRODUCT_BUNDLE_IDENTIFIER = LOYTI.rGame;
				PRODUCT_NAME = "$(TARGET_NAME)";
				SWIFT_VERSION = 3.0;
			};
			name = Debug;
		};
		4256EBF21F60C005009567D1 /* Release */ = {
			isa = XCBuildConfiguration;
			buildSettings = {
				ASSETCATALOG_COMPILER_APPICON_NAME = AppIcon;
				DEVELOPMENT_TEAM = EGZ6H5EN2R;
				INFOPLIST_FILE = rGame/Info.plist;
				LD_RUNPATH_SEARCH_PATHS = "$(inherited) @executable_path/Frameworks";
				PRODUCT_BUNDLE_IDENTIFIER = LOYTI.rGame;
				PRODUCT_NAME = "$(TARGET_NAME)";
				SWIFT_VERSION = 3.0;
			};
			name = Release;
		};
		4256EBF41F60C005009567D1 /* Debug */ = {
			isa = XCBuildConfiguration;
			buildSettings = {
				ALWAYS_EMBED_SWIFT_STANDARD_LIBRARIES = YES;
				BUNDLE_LOADER = "$(TEST_HOST)";
				DEVELOPMENT_TEAM = EGZ6H5EN2R;
				INFOPLIST_FILE = rGameTests/Info.plist;
				LD_RUNPATH_SEARCH_PATHS = "$(inherited) @executable_path/Frameworks @loader_path/Frameworks";
				PRODUCT_BUNDLE_IDENTIFIER = LOYTI.rGameTests;
				PRODUCT_NAME = "$(TARGET_NAME)";
				SWIFT_VERSION = 3.0;
				TEST_HOST = "$(BUILT_PRODUCTS_DIR)/rGame.app/rGame";
			};
			name = Debug;
		};
		4256EBF51F60C005009567D1 /* Release */ = {
			isa = XCBuildConfiguration;
			buildSettings = {
				ALWAYS_EMBED_SWIFT_STANDARD_LIBRARIES = YES;
				BUNDLE_LOADER = "$(TEST_HOST)";
				DEVELOPMENT_TEAM = EGZ6H5EN2R;
				INFOPLIST_FILE = rGameTests/Info.plist;
				LD_RUNPATH_SEARCH_PATHS = "$(inherited) @executable_path/Frameworks @loader_path/Frameworks";
				PRODUCT_BUNDLE_IDENTIFIER = LOYTI.rGameTests;
				PRODUCT_NAME = "$(TARGET_NAME)";
				SWIFT_VERSION = 3.0;
				TEST_HOST = "$(BUILT_PRODUCTS_DIR)/rGame.app/rGame";
			};
			name = Release;
		};
		4256EBF71F60C005009567D1 /* Debug */ = {
			isa = XCBuildConfiguration;
			buildSettings = {
				ALWAYS_EMBED_SWIFT_STANDARD_LIBRARIES = YES;
				DEVELOPMENT_TEAM = EGZ6H5EN2R;
				INFOPLIST_FILE = rGameUITests/Info.plist;
				LD_RUNPATH_SEARCH_PATHS = "$(inherited) @executable_path/Frameworks @loader_path/Frameworks";
				PRODUCT_BUNDLE_IDENTIFIER = LOYTI.rGameUITests;
				PRODUCT_NAME = "$(TARGET_NAME)";
				SWIFT_VERSION = 3.0;
				TEST_TARGET_NAME = rGame;
			};
			name = Debug;
		};
		4256EBF81F60C005009567D1 /* Release */ = {
			isa = XCBuildConfiguration;
			buildSettings = {
				ALWAYS_EMBED_SWIFT_STANDARD_LIBRARIES = YES;
				DEVELOPMENT_TEAM = EGZ6H5EN2R;
				INFOPLIST_FILE = rGameUITests/Info.plist;
				LD_RUNPATH_SEARCH_PATHS = "$(inherited) @executable_path/Frameworks @loader_path/Frameworks";
				PRODUCT_BUNDLE_IDENTIFIER = LOYTI.rGameUITests;
				PRODUCT_NAME = "$(TARGET_NAME)";
				SWIFT_VERSION = 3.0;
				TEST_TARGET_NAME = rGame;
			};
			name = Release;
		};
/* End XCBuildConfiguration section */

/* Begin XCConfigurationList section */
		4256EBC31F60C005009567D1 /* Build configuration list for PBXProject "rGame" */ = {
			isa = XCConfigurationList;
			buildConfigurations = (
				4256EBEE1F60C005009567D1 /* Debug */,
				4256EBEF1F60C005009567D1 /* Release */,
			);
			defaultConfigurationIsVisible = 0;
			defaultConfigurationName = Release;
		};
		4256EBF01F60C005009567D1 /* Build configuration list for PBXNativeTarget "rGame" */ = {
			isa = XCConfigurationList;
			buildConfigurations = (
				4256EBF11F60C005009567D1 /* Debug */,
				4256EBF21F60C005009567D1 /* Release */,
			);
			defaultConfigurationIsVisible = 0;
		};
		4256EBF31F60C005009567D1 /* Build configuration list for PBXNativeTarget "rGameTests" */ = {
			isa = XCConfigurationList;
			buildConfigurations = (
				4256EBF41F60C005009567D1 /* Debug */,
				4256EBF51F60C005009567D1 /* Release */,
			);
			defaultConfigurationIsVisible = 0;
		};
		4256EBF61F60C005009567D1 /* Build configuration list for PBXNativeTarget "rGameUITests" */ = {
			isa = XCConfigurationList;
			buildConfigurations = (
				4256EBF71F60C005009567D1 /* Debug */,
				4256EBF81F60C005009567D1 /* Release */,
			);
			defaultConfigurationIsVisible = 0;
		};
/* End XCConfigurationList section */
	};
	rootObject = 4256EBC01F60C005009567D1 /* Project object */;
}
